{
    "apiDependenciesMetadata": {
        "com.google.guava:guava": {
            "locked": "19.0",
            "requested": "19.0"
        },
        "com.netflix.nebula:nebula-gradle-interop": {
            "locked": "1.0.3",
            "requested": "latest.release"
        },
        "com.netflix.nebula:nebula-test": {
            "locked": "7.1.9",
            "requested": "latest.release"
        },
        "commons-lang:commons-lang": {
            "locked": "2.6",
            "requested": "2.6"
        },
        "junit:junit": {
            "locked": "4.12",
            "requested": "4.12"
        },
        "org.apache.maven:maven-model-builder": {
            "locked": "3.6.0",
            "requested": "3.+"
        },
        "org.codehaus.gpars:gpars": {
            "locked": "1.2.1",
            "requested": "1.2.1"
        },
        "org.codenarc:CodeNarc": {
            "locked": "0.25.2",
            "requested": "0.25.2"
        },
        "org.eclipse.jdt:core": {
            "locked": "3.1.1",
            "requested": "3.1.1"
        },
        "org.eclipse.jgit:org.eclipse.jgit": {
            "locked": "5.0.1.201806211838-r",
            "requested": "5.0.1.201806211838-r"
        },
        "org.jetbrains.kotlin:kotlin-stdlib-jdk7": {
            "locked": "1.3.11",
            "requested": "1.3.0"
        },
        "org.ow2.asm:asm": {
            "locked": "7.1",
            "requested": "7.+"
        },
        "org.ow2.asm:asm-commons": {
            "locked": "7.1",
            "requested": "7.+"
        },
        "org.spockframework:spock-core": {
            "locked": "1.0-groovy-2.4",
            "requested": "1.0-groovy-2.4"
        }
    },
    "compile": {
        "com.google.guava:guava": {
            "locked": "19.0",
            "requested": "19.0"
        },
        "com.netflix.nebula:nebula-gradle-interop": {
            "locked": "1.0.3",
            "requested": "latest.release"
        },
        "com.netflix.nebula:nebula-test": {
            "locked": "7.1.9",
            "requested": "latest.release"
        },
        "commons-lang:commons-lang": {
            "locked": "2.6",
            "requested": "2.6"
        },
        "junit:junit": {
            "locked": "4.12",
            "requested": "4.12"
        },
        "org.apache.maven:maven-model-builder": {
            "locked": "3.6.0",
            "requested": "3.+"
        },
        "org.codehaus.gpars:gpars": {
            "locked": "1.2.1",
            "requested": "1.2.1"
        },
        "org.codenarc:CodeNarc": {
            "locked": "0.25.2",
            "requested": "0.25.2"
        },
        "org.eclipse.jdt:core": {
            "locked": "3.1.1",
            "requested": "3.1.1"
        },
        "org.eclipse.jgit:org.eclipse.jgit": {
            "locked": "5.0.1.201806211838-r",
            "requested": "5.0.1.201806211838-r"
        },
        "org.jetbrains.kotlin:kotlin-stdlib-jdk7": {
            "locked": "1.3.11",
            "requested": "1.3.0"
        },
        "org.ow2.asm:asm": {
            "locked": "7.1",
            "requested": "7.+"
        },
        "org.ow2.asm:asm-commons": {
            "locked": "7.1",
            "requested": "7.+"
        },
        "org.spockframework:spock-core": {
            "locked": "1.0-groovy-2.4",
            "requested": "1.0-groovy-2.4"
        }
    },
    "compileClasspath": {
        "com.google.guava:guava": {
            "locked": "19.0",
            "requested": "19.0"
        },
        "com.netflix.nebula:gradle-info-plugin": {
            "locked": "5.0.0",
            "requested": "latest.release"
        },
        "com.netflix.nebula:nebula-gradle-interop": {
            "locked": "1.0.3",
            "requested": "latest.release"
        },
        "com.netflix.nebula:nebula-test": {
            "locked": "7.1.9",
            "requested": "latest.release"
        },
        "commons-lang:commons-lang": {
            "locked": "2.6",
            "requested": "2.6"
        },
        "junit:junit": {
            "locked": "4.12",
            "requested": "4.12"
        },
        "org.apache.maven:maven-model-builder": {
            "locked": "3.6.0",
            "requested": "3.+"
        },
        "org.codehaus.gpars:gpars": {
            "locked": "1.2.1",
            "requested": "1.2.1"
        },
        "org.codenarc:CodeNarc": {
            "locked": "0.25.2",
            "requested": "0.25.2"
        },
        "org.eclipse.jdt:core": {
            "locked": "3.1.1",
            "requested": "3.1.1"
        },
        "org.eclipse.jgit:org.eclipse.jgit": {
            "locked": "5.0.1.201806211838-r",
            "requested": "5.0.1.201806211838-r"
        },
        "org.jetbrains.kotlin:kotlin-stdlib-jdk7": {
            "locked": "1.3.11",
            "requested": "1.3.0"
        },
        "org.ow2.asm:asm": {
            "locked": "7.1",
            "requested": "7.+"
        },
        "org.ow2.asm:asm-commons": {
            "locked": "7.1",
            "requested": "7.+"
        },
        "org.spockframework:spock-core": {
            "locked": "1.0-groovy-2.4",
            "requested": "1.0-groovy-2.4"
        }
    },
    "compileOnly": {
        "com.netflix.nebula:gradle-info-plugin": {
            "locked": "5.0.0",
            "requested": "latest.release"
        }
    },
    "compileOnlyDependenciesMetadata": {
        "com.netflix.nebula:gradle-info-plugin": {
            "locked": "5.0.0",
            "requested": "latest.release"
        }
    },
    "default": {
        "com.google.guava:guava": {
            "locked": "19.0",
            "requested": "19.0"
        },
        "com.netflix.nebula:nebula-gradle-interop": {
            "locked": "1.0.3",
            "requested": "latest.release"
        },
        "com.netflix.nebula:nebula-test": {
            "locked": "7.1.9",
            "requested": "latest.release"
        },
        "commons-lang:commons-lang": {
            "locked": "2.6",
            "requested": "2.6"
        },
        "junit:junit": {
            "locked": "4.12",
            "requested": "4.12"
        },
        "org.apache.maven:maven-model-builder": {
            "locked": "3.6.0",
            "requested": "3.+"
        },
        "org.codehaus.gpars:gpars": {
            "locked": "1.2.1",
            "requested": "1.2.1"
        },
        "org.codenarc:CodeNarc": {
            "locked": "0.25.2",
            "requested": "0.25.2"
        },
        "org.eclipse.jdt:core": {
            "locked": "3.1.1",
            "requested": "3.1.1"
        },
        "org.eclipse.jgit:org.eclipse.jgit": {
            "locked": "5.0.1.201806211838-r",
            "requested": "5.0.1.201806211838-r"
        },
        "org.jetbrains.kotlin:kotlin-stdlib-jdk7": {
            "locked": "1.3.11",
            "requested": "1.3.0"
        },
        "org.ow2.asm:asm": {
            "locked": "7.1",
            "requested": "7.+"
        },
        "org.ow2.asm:asm-commons": {
            "locked": "7.1",
            "requested": "7.+"
        },
        "org.spockframework:spock-core": {
            "locked": "1.0-groovy-2.4",
            "requested": "1.0-groovy-2.4"
        }
    },
    "implementationDependenciesMetadata": {
        "com.google.guava:guava": {
            "locked": "19.0",
            "requested": "19.0"
        },
        "com.netflix.nebula:nebula-gradle-interop": {
            "locked": "1.0.3",
            "requested": "latest.release"
        },
        "com.netflix.nebula:nebula-test": {
            "locked": "7.1.9",
            "requested": "latest.release"
        },
        "commons-lang:commons-lang": {
            "locked": "2.6",
            "requested": "2.6"
        },
        "junit:junit": {
            "locked": "4.12",
            "requested": "4.12"
        },
        "org.apache.maven:maven-model-builder": {
            "locked": "3.6.0",
            "requested": "3.+"
        },
        "org.codehaus.gpars:gpars": {
            "locked": "1.2.1",
            "requested": "1.2.1"
        },
        "org.codenarc:CodeNarc": {
            "locked": "0.25.2",
            "requested": "0.25.2"
        },
        "org.eclipse.jdt:core": {
            "locked": "3.1.1",
            "requested": "3.1.1"
        },
        "org.eclipse.jgit:org.eclipse.jgit": {
            "locked": "5.0.1.201806211838-r",
            "requested": "5.0.1.201806211838-r"
        },
        "org.jetbrains.kotlin:kotlin-stdlib-jdk7": {
            "locked": "1.3.11",
            "requested": "1.3.0"
        },
        "org.ow2.asm:asm": {
            "locked": "7.1",
            "requested": "7.+"
        },
        "org.ow2.asm:asm-commons": {
            "locked": "7.1",
            "requested": "7.+"
        },
        "org.spockframework:spock-core": {
            "locked": "1.0-groovy-2.4",
            "requested": "1.0-groovy-2.4"
        }
    },
    "integTestApiDependenciesMetadata": {
        "com.google.guava:guava": {
            "locked": "19.0",
            "requested": "19.0"
        },
        "com.netflix.nebula:gradle-info-plugin": {
            "locked": "5.0.0",
            "requested": "latest.release"
        },
        "com.netflix.nebula:nebula-gradle-interop": {
            "locked": "1.0.3",
            "requested": "latest.release"
        },
        "com.netflix.nebula:nebula-test": {
            "locked": "7.1.9",
            "requested": "latest.release"
        },
        "commons-lang:commons-lang": {
            "locked": "2.6",
            "requested": "2.6"
        },
        "joda-time:joda-time": {
            "locked": "2.10.1",
            "requested": "latest.release"
        },
        "junit:junit": {
            "locked": "4.12",
            "requested": "4.12"
        },
        "org.apache.maven:maven-model-builder": {
            "locked": "3.6.0",
            "requested": "3.+"
        },
        "org.codehaus.gpars:gpars": {
            "locked": "1.2.1",
            "requested": "1.2.1"
        },
        "org.codenarc:CodeNarc": {
            "locked": "0.25.2",
            "requested": "0.25.2"
        },
        "org.eclipse.jdt:core": {
            "locked": "3.1.1",
            "requested": "3.1.1"
        },
        "org.eclipse.jgit:org.eclipse.jgit": {
            "locked": "5.0.1.201806211838-r",
            "requested": "5.0.1.201806211838-r"
        },
        "org.jetbrains.kotlin:kotlin-stdlib-jdk7": {
            "locked": "1.3.11",
            "requested": "1.3.0"
        },
        "org.ow2.asm:asm": {
            "locked": "7.1",
            "requested": "7.+"
        },
        "org.ow2.asm:asm-commons": {
            "locked": "7.1",
            "requested": "7.+"
        },
        "org.ow2.asm:asm-util": {
            "locked": "5.2",
            "requested": "5.2"
        },
        "org.spockframework:spock-core": {
            "locked": "1.1-groovy-2.4-rc-4",
            "requested": "1.0-groovy-2.4"
        }
    },
    "integTestCompile": {
        "com.google.guava:guava": {
            "locked": "19.0",
            "requested": "19.0"
        },
        "com.netflix.nebula:gradle-info-plugin": {
            "locked": "5.0.0",
            "requested": "latest.release"
        },
        "com.netflix.nebula:nebula-gradle-interop": {
            "locked": "1.0.3",
            "requested": "latest.release"
        },
        "com.netflix.nebula:nebula-test": {
            "locked": "7.1.9",
            "requested": "latest.release"
        },
        "commons-lang:commons-lang": {
            "locked": "2.6",
            "requested": "2.6"
        },
        "joda-time:joda-time": {
            "locked": "2.10.1",
            "requested": "latest.release"
        },
        "junit:junit": {
            "locked": "4.12",
            "requested": "4.12"
        },
        "org.apache.maven:maven-model-builder": {
            "locked": "3.6.0",
            "requested": "3.+"
        },
        "org.codehaus.gpars:gpars": {
            "locked": "1.2.1",
            "requested": "1.2.1"
        },
        "org.codenarc:CodeNarc": {
            "locked": "0.25.2",
            "requested": "0.25.2"
        },
        "org.eclipse.jdt:core": {
            "locked": "3.1.1",
            "requested": "3.1.1"
        },
        "org.eclipse.jgit:org.eclipse.jgit": {
            "locked": "5.0.1.201806211838-r",
            "requested": "5.0.1.201806211838-r"
        },
        "org.jetbrains.kotlin:kotlin-stdlib-jdk7": {
            "locked": "1.3.11",
            "requested": "1.3.0"
        },
        "org.ow2.asm:asm": {
            "locked": "7.1",
            "requested": "7.+"
        },
        "org.ow2.asm:asm-commons": {
            "locked": "7.1",
            "requested": "7.+"
        },
        "org.ow2.asm:asm-util": {
            "locked": "5.2",
            "requested": "5.2"
        },
        "org.spockframework:spock-core": {
            "locked": "1.1-groovy-2.4-rc-4",
            "requested": "1.0-groovy-2.4"
        }
    },
    "integTestCompileClasspath": {
        "com.google.guava:guava": {
            "locked": "19.0",
            "requested": "19.0"
        },
        "com.netflix.nebula:gradle-info-plugin": {
            "locked": "5.0.0",
            "requested": "latest.release"
        },
        "com.netflix.nebula:nebula-gradle-interop": {
            "locked": "1.0.3",
            "requested": "latest.release"
        },
        "com.netflix.nebula:nebula-test": {
            "locked": "7.1.9",
            "requested": "latest.release"
        },
        "commons-lang:commons-lang": {
            "locked": "2.6",
            "requested": "2.6"
        },
        "joda-time:joda-time": {
            "locked": "2.10.1",
            "requested": "latest.release"
        },
        "junit:junit": {
            "locked": "4.12",
            "requested": "4.12"
        },
        "org.apache.maven:maven-model-builder": {
            "locked": "3.6.0",
            "requested": "3.+"
        },
        "org.codehaus.gpars:gpars": {
            "locked": "1.2.1",
            "requested": "1.2.1"
        },
        "org.codenarc:CodeNarc": {
            "locked": "0.25.2",
            "requested": "0.25.2"
        },
        "org.eclipse.jdt:core": {
            "locked": "3.1.1",
            "requested": "3.1.1"
        },
        "org.eclipse.jgit:org.eclipse.jgit": {
            "locked": "5.0.1.201806211838-r",
            "requested": "5.0.1.201806211838-r"
        },
        "org.jetbrains.kotlin:kotlin-stdlib-jdk7": {
            "locked": "1.3.11",
            "requested": "1.3.0"
        },
        "org.ow2.asm:asm": {
            "locked": "7.1",
            "requested": "7.+"
        },
        "org.ow2.asm:asm-commons": {
            "locked": "7.1",
            "requested": "7.+"
        },
        "org.ow2.asm:asm-util": {
            "locked": "5.2",
            "requested": "5.2"
        },
        "org.spockframework:spock-core": {
            "locked": "1.1-groovy-2.4-rc-4",
            "requested": "1.0-groovy-2.4"
        }
    },
    "integTestImplementationDependenciesMetadata": {
        "com.google.guava:guava": {
            "locked": "19.0",
            "requested": "19.0"
        },
        "com.netflix.nebula:gradle-info-plugin": {
            "locked": "5.0.0",
            "requested": "latest.release"
        },
        "com.netflix.nebula:nebula-gradle-interop": {
            "locked": "1.0.3",
            "requested": "latest.release"
        },
        "com.netflix.nebula:nebula-test": {
            "locked": "7.1.9",
            "requested": "latest.release"
        },
        "commons-lang:commons-lang": {
            "locked": "2.6",
            "requested": "2.6"
        },
        "joda-time:joda-time": {
            "locked": "2.10.1",
            "requested": "latest.release"
        },
        "junit:junit": {
            "locked": "4.12",
            "requested": "4.12"
        },
        "org.apache.maven:maven-model-builder": {
            "locked": "3.6.0",
            "requested": "3.+"
        },
        "org.codehaus.gpars:gpars": {
            "locked": "1.2.1",
            "requested": "1.2.1"
        },
        "org.codenarc:CodeNarc": {
            "locked": "0.25.2",
            "requested": "0.25.2"
        },
        "org.eclipse.jdt:core": {
            "locked": "3.1.1",
            "requested": "3.1.1"
        },
        "org.eclipse.jgit:org.eclipse.jgit": {
            "locked": "5.0.1.201806211838-r",
            "requested": "5.0.1.201806211838-r"
        },
        "org.jetbrains.kotlin:kotlin-stdlib-jdk7": {
            "locked": "1.3.11",
            "requested": "1.3.0"
        },
        "org.ow2.asm:asm": {
            "locked": "7.1",
            "requested": "7.+"
        },
        "org.ow2.asm:asm-commons": {
            "locked": "7.1",
            "requested": "7.+"
        },
        "org.ow2.asm:asm-util": {
            "locked": "5.2",
            "requested": "5.2"
        },
        "org.spockframework:spock-core": {
            "locked": "1.1-groovy-2.4-rc-4",
            "requested": "1.0-groovy-2.4"
        }
    },
    "integTestRuntime": {
        "com.google.guava:guava": {
            "locked": "19.0",
            "requested": "19.0"
        },
        "com.netflix.nebula:gradle-info-plugin": {
            "locked": "5.0.0",
            "requested": "latest.release"
        },
        "com.netflix.nebula:nebula-gradle-interop": {
            "locked": "1.0.3",
            "requested": "latest.release"
        },
        "com.netflix.nebula:nebula-test": {
            "locked": "7.1.9",
            "requested": "latest.release"
        },
        "commons-lang:commons-lang": {
            "locked": "2.6",
            "requested": "2.6"
        },
        "joda-time:joda-time": {
            "locked": "2.10.1",
            "requested": "latest.release"
        },
        "junit:junit": {
            "locked": "4.12",
            "requested": "4.12"
        },
        "org.apache.maven:maven-model-builder": {
            "locked": "3.6.0",
            "requested": "3.+"
        },
        "org.codehaus.gpars:gpars": {
            "locked": "1.2.1",
            "requested": "1.2.1"
        },
        "org.codenarc:CodeNarc": {
            "locked": "0.25.2",
            "requested": "0.25.2"
        },
        "org.eclipse.jdt:core": {
            "locked": "3.1.1",
            "requested": "3.1.1"
        },
        "org.eclipse.jgit:org.eclipse.jgit": {
            "locked": "5.0.1.201806211838-r",
            "requested": "5.0.1.201806211838-r"
        },
        "org.jetbrains.kotlin:kotlin-stdlib-jdk7": {
            "locked": "1.3.11",
            "requested": "1.3.0"
        },
        "org.ow2.asm:asm": {
            "locked": "7.1",
            "requested": "7.+"
        },
        "org.ow2.asm:asm-commons": {
            "locked": "7.1",
            "requested": "7.+"
        },
        "org.ow2.asm:asm-util": {
            "locked": "5.2",
            "requested": "5.2"
        },
        "org.spockframework:spock-core": {
            "locked": "1.1-groovy-2.4-rc-4",
            "requested": "1.0-groovy-2.4"
        }
    },
    "integTestRuntimeClasspath": {
        "com.google.guava:guava": {
            "locked": "19.0",
            "requested": "19.0"
        },
        "com.netflix.nebula:gradle-info-plugin": {
            "locked": "5.0.0",
            "requested": "latest.release"
        },
        "com.netflix.nebula:nebula-gradle-interop": {
            "locked": "1.0.3",
            "requested": "latest.release"
        },
        "com.netflix.nebula:nebula-test": {
            "locked": "7.1.9",
            "requested": "latest.release"
        },
        "commons-lang:commons-lang": {
            "locked": "2.6",
            "requested": "2.6"
        },
        "joda-time:joda-time": {
            "locked": "2.10.1",
            "requested": "latest.release"
        },
        "junit:junit": {
            "locked": "4.12",
            "requested": "4.12"
        },
        "org.apache.maven:maven-model-builder": {
            "locked": "3.6.0",
            "requested": "3.+"
        },
        "org.codehaus.gpars:gpars": {
            "locked": "1.2.1",
            "requested": "1.2.1"
        },
        "org.codenarc:CodeNarc": {
            "locked": "0.25.2",
            "requested": "0.25.2"
        },
        "org.eclipse.jdt:core": {
            "locked": "3.1.1",
            "requested": "3.1.1"
        },
        "org.eclipse.jgit:org.eclipse.jgit": {
            "locked": "5.0.1.201806211838-r",
            "requested": "5.0.1.201806211838-r"
        },
        "org.jetbrains.kotlin:kotlin-stdlib-jdk7": {
            "locked": "1.3.11",
            "requested": "1.3.0"
        },
        "org.ow2.asm:asm": {
            "locked": "7.1",
            "requested": "7.+"
        },
        "org.ow2.asm:asm-commons": {
            "locked": "7.1",
            "requested": "7.+"
        },
        "org.ow2.asm:asm-util": {
            "locked": "5.2",
            "requested": "5.2"
        },
        "org.spockframework:spock-core": {
            "locked": "1.1-groovy-2.4-rc-4",
            "requested": "1.0-groovy-2.4"
        }
    },
    "jacocoAgent": {
        "org.jacoco:org.jacoco.agent": {
            "locked": "0.8.2"
        }
    },
    "jacocoAnt": {
        "org.jacoco:org.jacoco.ant": {
            "locked": "0.8.2"
        }
    },
    "kotlinCompilerClasspath": {
        "org.jetbrains.kotlin:kotlin-compiler-embeddable": {
            "locked": "1.3.0"
        }
    },
    "kotlinCompilerPluginClasspath": {
        "org.jetbrains.kotlin:kotlin-scripting-compiler-embeddable": {
            "locked": "1.3.0",
            "requested": "1.3.0"
        }
    },
    "plugin": {
        "com.google.guava:guava": {
            "locked": "19.0",
            "requested": "19.0"
        },
        "com.netflix.nebula:nebula-test": {
            "locked": "7.1.9",
            "requested": "latest.release"
        },
        "commons-lang:commons-lang": {
            "locked": "2.6",
            "requested": "2.6"
        },
        "junit:junit": {
            "locked": "4.12",
            "requested": "4.12"
        },
        "org.codehaus.gpars:gpars": {
            "locked": "1.2.1",
            "requested": "1.2.1"
        },
        "org.codenarc:CodeNarc": {
            "locked": "0.25.2",
            "requested": "0.25.2"
        },
        "org.eclipse.jdt:core": {
            "locked": "3.1.1",
            "requested": "3.1.1"
        },
        "org.eclipse.jgit:org.eclipse.jgit": {
            "locked": "5.0.1.201806211838-r",
            "requested": "5.0.1.201806211838-r"
        },
        "org.ow2.asm:asm": {
            "locked": "7.1",
            "requested": "7.+"
        },
        "org.ow2.asm:asm-commons": {
            "locked": "7.1",
            "requested": "7.+"
        },
        "org.spockframework:spock-core": {
            "locked": "1.0-groovy-2.4",
            "requested": "1.0-groovy-2.4"
        }
    },
    "runtime": {
        "com.google.guava:guava": {
            "locked": "19.0",
            "requested": "19.0"
        },
        "com.netflix.nebula:nebula-gradle-interop": {
            "locked": "1.0.3",
            "requested": "latest.release"
        },
        "com.netflix.nebula:nebula-test": {
            "locked": "7.1.9",
            "requested": "latest.release"
        },
        "commons-lang:commons-lang": {
            "locked": "2.6",
            "requested": "2.6"
        },
        "junit:junit": {
            "locked": "4.12",
            "requested": "4.12"
        },
        "org.apache.maven:maven-model-builder": {
            "locked": "3.6.0",
            "requested": "3.+"
        },
        "org.codehaus.gpars:gpars": {
            "locked": "1.2.1",
            "requested": "1.2.1"
        },
        "org.codenarc:CodeNarc": {
            "locked": "0.25.2",
            "requested": "0.25.2"
        },
        "org.eclipse.jdt:core": {
            "locked": "3.1.1",
            "requested": "3.1.1"
        },
        "org.eclipse.jgit:org.eclipse.jgit": {
            "locked": "5.0.1.201806211838-r",
            "requested": "5.0.1.201806211838-r"
        },
        "org.jetbrains.kotlin:kotlin-stdlib-jdk7": {
            "locked": "1.3.11",
            "requested": "1.3.0"
        },
        "org.ow2.asm:asm": {
            "locked": "7.1",
            "requested": "7.+"
        },
        "org.ow2.asm:asm-commons": {
            "locked": "7.1",
            "requested": "7.+"
        },
        "org.spockframework:spock-core": {
            "locked": "1.0-groovy-2.4",
            "requested": "1.0-groovy-2.4"
        }
    },
    "runtimeClasspath": {
        "com.google.guava:guava": {
            "locked": "19.0",
            "requested": "19.0"
        },
        "com.netflix.nebula:nebula-gradle-interop": {
            "locked": "1.0.3",
            "requested": "latest.release"
        },
        "com.netflix.nebula:nebula-test": {
            "locked": "7.1.9",
            "requested": "latest.release"
        },
        "commons-lang:commons-lang": {
            "locked": "2.6",
            "requested": "2.6"
        },
        "junit:junit": {
            "locked": "4.12",
            "requested": "4.12"
        },
        "org.apache.maven:maven-model-builder": {
            "locked": "3.6.0",
            "requested": "3.+"
        },
        "org.codehaus.gpars:gpars": {
            "locked": "1.2.1",
            "requested": "1.2.1"
        },
        "org.codenarc:CodeNarc": {
            "locked": "0.25.2",
            "requested": "0.25.2"
        },
        "org.eclipse.jdt:core": {
            "locked": "3.1.1",
            "requested": "3.1.1"
        },
        "org.eclipse.jgit:org.eclipse.jgit": {
            "locked": "5.0.1.201806211838-r",
            "requested": "5.0.1.201806211838-r"
        },
        "org.jetbrains.kotlin:kotlin-stdlib-jdk7": {
            "locked": "1.3.11",
            "requested": "1.3.0"
        },
        "org.ow2.asm:asm": {
            "locked": "7.1",
            "requested": "7.+"
        },
        "org.ow2.asm:asm-commons": {
            "locked": "7.1",
            "requested": "7.+"
        },
        "org.spockframework:spock-core": {
            "locked": "1.0-groovy-2.4",
            "requested": "1.0-groovy-2.4"
        }
    },
    "testApiDependenciesMetadata": {
        "com.google.guava:guava": {
            "locked": "19.0",
            "requested": "19.0"
        },
        "com.netflix.nebula:gradle-info-plugin": {
            "locked": "5.0.0",
            "requested": "latest.release"
        },
        "com.netflix.nebula:nebula-gradle-interop": {
            "locked": "1.0.3",
            "requested": "latest.release"
        },
        "com.netflix.nebula:nebula-test": {
            "locked": "7.1.9",
            "requested": "latest.release"
        },
        "commons-lang:commons-lang": {
            "locked": "2.6",
            "requested": "2.6"
        },
        "joda-time:joda-time": {
            "locked": "2.10.1",
            "requested": "latest.release"
        },
        "junit:junit": {
            "locked": "4.12",
            "requested": "4.12"
        },
        "org.apache.maven:maven-model-builder": {
            "locked": "3.6.0",
            "requested": "3.+"
        },
        "org.codehaus.gpars:gpars": {
            "locked": "1.2.1",
            "requested": "1.2.1"
        },
        "org.codenarc:CodeNarc": {
            "locked": "0.25.2",
            "requested": "0.25.2"
        },
        "org.eclipse.jdt:core": {
            "locked": "3.1.1",
            "requested": "3.1.1"
        },
        "org.eclipse.jgit:org.eclipse.jgit": {
            "locked": "5.0.1.201806211838-r",
            "requested": "5.0.1.201806211838-r"
        },
        "org.jetbrains.kotlin:kotlin-stdlib-jdk7": {
            "locked": "1.3.11",
            "requested": "1.3.0"
        },
        "org.ow2.asm:asm": {
            "locked": "7.1",
            "requested": "7.+"
        },
        "org.ow2.asm:asm-commons": {
            "locked": "7.1",
            "requested": "7.+"
        },
        "org.ow2.asm:asm-util": {
            "locked": "5.2",
            "requested": "5.2"
        },
        "org.spockframework:spock-core": {
            "locked": "1.1-groovy-2.4-rc-4",
            "requested": "1.0-groovy-2.4"
        }
    },
    "testCompile": {
        "com.google.guava:guava": {
            "locked": "19.0",
            "requested": "19.0"
        },
        "com.netflix.nebula:gradle-info-plugin": {
            "locked": "5.0.0",
            "requested": "latest.release"
        },
        "com.netflix.nebula:nebula-gradle-interop": {
            "locked": "1.0.3",
            "requested": "latest.release"
        },
        "com.netflix.nebula:nebula-test": {
            "locked": "7.1.9",
            "requested": "latest.release"
        },
        "commons-lang:commons-lang": {
            "locked": "2.6",
            "requested": "2.6"
        },
        "joda-time:joda-time": {
            "locked": "2.10.1",
            "requested": "latest.release"
        },
        "junit:junit": {
            "locked": "4.12",
            "requested": "4.12"
        },
        "org.apache.maven:maven-model-builder": {
            "locked": "3.6.0",
            "requested": "3.+"
        },
        "org.codehaus.gpars:gpars": {
            "locked": "1.2.1",
            "requested": "1.2.1"
        },
        "org.codenarc:CodeNarc": {
            "locked": "0.25.2",
            "requested": "0.25.2"
        },
        "org.eclipse.jdt:core": {
            "locked": "3.1.1",
            "requested": "3.1.1"
        },
        "org.eclipse.jgit:org.eclipse.jgit": {
            "locked": "5.0.1.201806211838-r",
            "requested": "5.0.1.201806211838-r"
        },
        "org.jetbrains.kotlin:kotlin-stdlib-jdk7": {
            "locked": "1.3.11",
            "requested": "1.3.0"
        },
        "org.ow2.asm:asm": {
            "locked": "7.1",
            "requested": "7.+"
        },
        "org.ow2.asm:asm-commons": {
            "locked": "7.1",
            "requested": "7.+"
        },
        "org.ow2.asm:asm-util": {
            "locked": "5.2",
            "requested": "5.2"
        },
        "org.spockframework:spock-core": {
            "locked": "1.1-groovy-2.4-rc-4",
            "requested": "1.0-groovy-2.4"
        }
    },
    "testCompileClasspath": {
        "com.google.guava:guava": {
            "locked": "19.0",
            "requested": "19.0"
        },
        "com.netflix.nebula:gradle-info-plugin": {
            "locked": "5.0.0",
            "requested": "latest.release"
        },
        "com.netflix.nebula:nebula-gradle-interop": {
            "locked": "1.0.3",
            "requested": "latest.release"
        },
        "com.netflix.nebula:nebula-test": {
            "locked": "7.1.9",
            "requested": "latest.release"
        },
        "commons-lang:commons-lang": {
            "locked": "2.6",
            "requested": "2.6"
        },
        "joda-time:joda-time": {
            "locked": "2.10.1",
            "requested": "latest.release"
        },
        "junit:junit": {
            "locked": "4.12",
            "requested": "4.12"
        },
        "org.apache.maven:maven-model-builder": {
            "locked": "3.6.0",
            "requested": "3.+"
        },
        "org.codehaus.gpars:gpars": {
            "locked": "1.2.1",
            "requested": "1.2.1"
        },
        "org.codenarc:CodeNarc": {
            "locked": "0.25.2",
            "requested": "0.25.2"
        },
        "org.eclipse.jdt:core": {
            "locked": "3.1.1",
            "requested": "3.1.1"
        },
        "org.eclipse.jgit:org.eclipse.jgit": {
            "locked": "5.0.1.201806211838-r",
            "requested": "5.0.1.201806211838-r"
        },
        "org.jetbrains.kotlin:kotlin-stdlib-jdk7": {
            "locked": "1.3.11",
            "requested": "1.3.0"
        },
        "org.ow2.asm:asm": {
            "locked": "7.1",
            "requested": "7.+"
        },
        "org.ow2.asm:asm-commons": {
            "locked": "7.1",
            "requested": "7.+"
        },
        "org.ow2.asm:asm-util": {
            "locked": "5.2",
            "requested": "5.2"
        },
        "org.spockframework:spock-core": {
            "locked": "1.1-groovy-2.4-rc-4",
            "requested": "1.0-groovy-2.4"
        }
    },
    "testImplementationDependenciesMetadata": {
        "com.google.guava:guava": {
            "locked": "19.0",
            "requested": "19.0"
        },
        "com.netflix.nebula:gradle-info-plugin": {
            "locked": "5.0.0",
            "requested": "latest.release"
        },
        "com.netflix.nebula:nebula-gradle-interop": {
            "locked": "1.0.3",
            "requested": "latest.release"
        },
        "com.netflix.nebula:nebula-test": {
            "locked": "7.1.9",
            "requested": "latest.release"
        },
        "commons-lang:commons-lang": {
            "locked": "2.6",
            "requested": "2.6"
        },
        "joda-time:joda-time": {
            "locked": "2.10.1",
            "requested": "latest.release"
        },
        "junit:junit": {
            "locked": "4.12",
            "requested": "4.12"
        },
        "org.apache.maven:maven-model-builder": {
            "locked": "3.6.0",
            "requested": "3.+"
        },
        "org.codehaus.gpars:gpars": {
            "locked": "1.2.1",
            "requested": "1.2.1"
        },
        "org.codenarc:CodeNarc": {
            "locked": "0.25.2",
            "requested": "0.25.2"
        },
        "org.eclipse.jdt:core": {
            "locked": "3.1.1",
            "requested": "3.1.1"
        },
        "org.eclipse.jgit:org.eclipse.jgit": {
            "locked": "5.0.1.201806211838-r",
            "requested": "5.0.1.201806211838-r"
        },
        "org.jetbrains.kotlin:kotlin-stdlib-jdk7": {
            "locked": "1.3.11",
            "requested": "1.3.0"
        },
        "org.ow2.asm:asm": {
            "locked": "7.1",
            "requested": "7.+"
        },
        "org.ow2.asm:asm-commons": {
            "locked": "7.1",
            "requested": "7.+"
        },
        "org.ow2.asm:asm-util": {
            "locked": "5.2",
            "requested": "5.2"
        },
        "org.spockframework:spock-core": {
            "locked": "1.1-groovy-2.4-rc-4",
            "requested": "1.0-groovy-2.4"
        }
    },
    "testRuntime": {
        "com.google.guava:guava": {
            "locked": "19.0",
            "requested": "19.0"
        },
        "com.netflix.nebula:gradle-info-plugin": {
            "locked": "5.0.0",
            "requested": "latest.release"
        },
        "com.netflix.nebula:nebula-gradle-interop": {
            "locked": "1.0.3",
            "requested": "latest.release"
        },
        "com.netflix.nebula:nebula-test": {
            "locked": "7.1.9",
            "requested": "latest.release"
        },
        "commons-lang:commons-lang": {
            "locked": "2.6",
            "requested": "2.6"
        },
        "joda-time:joda-time": {
            "locked": "2.10.1",
            "requested": "latest.release"
        },
        "junit:junit": {
            "locked": "4.12",
            "requested": "4.12"
        },
        "org.apache.maven:maven-model-builder": {
            "locked": "3.6.0",
            "requested": "3.+"
        },
        "org.codehaus.gpars:gpars": {
            "locked": "1.2.1",
            "requested": "1.2.1"
        },
        "org.codenarc:CodeNarc": {
            "locked": "0.25.2",
            "requested": "0.25.2"
        },
        "org.eclipse.jdt:core": {
            "locked": "3.1.1",
            "requested": "3.1.1"
        },
        "org.eclipse.jgit:org.eclipse.jgit": {
            "locked": "5.0.1.201806211838-r",
            "requested": "5.0.1.201806211838-r"
        },
        "org.jetbrains.kotlin:kotlin-stdlib-jdk7": {
            "locked": "1.3.11",
            "requested": "1.3.0"
        },
        "org.ow2.asm:asm": {
            "locked": "7.1",
            "requested": "7.+"
        },
        "org.ow2.asm:asm-commons": {
            "locked": "7.1",
            "requested": "7.+"
        },
        "org.ow2.asm:asm-util": {
            "locked": "5.2",
            "requested": "5.2"
        },
        "org.spockframework:spock-core": {
            "locked": "1.1-groovy-2.4-rc-4",
            "requested": "1.0-groovy-2.4"
        }
    },
    "testRuntimeClasspath": {
        "com.google.guava:guava": {
            "locked": "19.0",
            "requested": "19.0"
        },
        "com.netflix.nebula:gradle-info-plugin": {
            "locked": "5.0.0",
            "requested": "latest.release"
        },
        "com.netflix.nebula:nebula-gradle-interop": {
            "locked": "1.0.3",
            "requested": "latest.release"
        },
        "com.netflix.nebula:nebula-test": {
            "locked": "7.1.9",
            "requested": "latest.release"
        },
        "commons-lang:commons-lang": {
            "locked": "2.6",
            "requested": "2.6"
        },
        "joda-time:joda-time": {
            "locked": "2.10.1",
            "requested": "latest.release"
        },
        "junit:junit": {
            "locked": "4.12",
            "requested": "4.12"
        },
        "org.apache.maven:maven-model-builder": {
            "locked": "3.6.0",
            "requested": "3.+"
        },
        "org.codehaus.gpars:gpars": {
            "locked": "1.2.1",
            "requested": "1.2.1"
        },
        "org.codenarc:CodeNarc": {
            "locked": "0.25.2",
            "requested": "0.25.2"
        },
        "org.eclipse.jdt:core": {
            "locked": "3.1.1",
            "requested": "3.1.1"
        },
        "org.eclipse.jgit:org.eclipse.jgit": {
            "locked": "5.0.1.201806211838-r",
            "requested": "5.0.1.201806211838-r"
        },
        "org.jetbrains.kotlin:kotlin-stdlib-jdk7": {
            "locked": "1.3.11",
            "requested": "1.3.0"
        },
        "org.ow2.asm:asm": {
            "locked": "7.1",
            "requested": "7.+"
        },
        "org.ow2.asm:asm-commons": {
            "locked": "7.1",
            "requested": "7.+"
        },
        "org.ow2.asm:asm-util": {
            "locked": "5.2",
            "requested": "5.2"
        },
        "org.spockframework:spock-core": {
            "locked": "1.1-groovy-2.4-rc-4",
            "requested": "1.0-groovy-2.4"
        }
    }
}