{
    "compile": {
        "com.netflix.nebula:gradle-info-plugin": {
            "locked": "3.3.5",
            "requested": "3.3.5"
        },
        "com.netflix.nebula:nebula-dependency-base-plugin": {
            "locked": "0.1.0",
            "requested": "0.1.0"
        },
        "com.netflix.nebula:nebula-gradle-interop": {
            "locked": "0.6.0",
            "requested": "latest.release"
        },
        "com.netflix.nebula:nebula-test": {
            "locked": "6.7.1",
            "requested": "latest.release"
        },
        "commons-lang:commons-lang": {
            "locked": "2.6",
            "requested": "2.6"
        },
        "junit:junit": {
            "locked": "4.12",
            "requested": "4.12"
        },
        "org.apache.maven:maven-model-builder": {
            "locked": "3.5.4",
            "requested": "3.+"
        },
        "org.codehaus.gpars:gpars": {
            "locked": "1.2.1",
            "requested": "1.2.1"
        },
        "org.codenarc:CodeNarc": {
            "locked": "0.25.2",
            "requested": "0.25.2"
        },
        "org.eclipse.jdt:core": {
            "locked": "3.1.1",
            "requested": "3.1.1"
        },
        "org.eclipse.jgit:org.eclipse.jgit": {
            "locked": "4.5.0.201609210915-r",
            "requested": "4.5.0.201609210915-r"
        },
        "org.jetbrains.kotlin:kotlin-stdlib-jdk7": {
            "locked": "1.2.61",
            "requested": "1.2.61"
        },
        "org.ow2.asm:asm": {
            "locked": "5.2",
            "requested": "5.2"
        },
        "org.spockframework:spock-core": {
            "locked": "1.0-groovy-2.4",
            "requested": "1.0-groovy-2.4"
        }
    },
    "compileClasspath": {
        "com.netflix.nebula:gradle-info-plugin": {
            "locked": "3.3.5",
            "requested": "3.3.5"
        },
        "com.netflix.nebula:nebula-dependency-base-plugin": {
            "locked": "0.1.0",
            "requested": "0.1.0"
        },
        "com.netflix.nebula:nebula-gradle-interop": {
            "locked": "0.6.0",
            "requested": "latest.release"
        },
        "com.netflix.nebula:nebula-test": {
            "locked": "6.7.1",
            "requested": "latest.release"
        },
        "commons-lang:commons-lang": {
            "locked": "2.6",
            "requested": "2.6"
        },
        "junit:junit": {
            "locked": "4.12",
            "requested": "4.12"
        },
        "org.apache.maven:maven-model-builder": {
            "locked": "3.5.4",
            "requested": "3.+"
        },
        "org.codehaus.gpars:gpars": {
            "locked": "1.2.1",
            "requested": "1.2.1"
        },
        "org.codenarc:CodeNarc": {
            "locked": "0.25.2",
            "requested": "0.25.2"
        },
        "org.eclipse.jdt:core": {
            "locked": "3.1.1",
            "requested": "3.1.1"
        },
        "org.eclipse.jgit:org.eclipse.jgit": {
            "locked": "4.5.0.201609210915-r",
            "requested": "4.5.0.201609210915-r"
        },
        "org.jetbrains.kotlin:kotlin-stdlib-jdk7": {
            "locked": "1.2.61",
            "requested": "1.2.61"
        },
        "org.ow2.asm:asm": {
            "locked": "5.2",
            "requested": "5.2"
        },
        "org.spockframework:spock-core": {
            "locked": "1.0-groovy-2.4",
            "requested": "1.0-groovy-2.4"
        }
    },
    "default": {
        "com.netflix.nebula:gradle-info-plugin": {
            "locked": "3.3.5",
            "requested": "3.3.5"
        },
        "com.netflix.nebula:nebula-dependency-base-plugin": {
            "locked": "0.1.0",
            "requested": "0.1.0"
        },
        "com.netflix.nebula:nebula-gradle-interop": {
            "locked": "0.6.0",
            "requested": "latest.release"
        },
        "com.netflix.nebula:nebula-test": {
            "locked": "6.7.1",
            "requested": "latest.release"
        },
        "commons-lang:commons-lang": {
            "locked": "2.6",
            "requested": "2.6"
        },
        "junit:junit": {
            "locked": "4.12",
            "requested": "4.12"
        },
        "org.apache.maven:maven-model-builder": {
            "locked": "3.5.4",
            "requested": "3.+"
        },
        "org.codehaus.gpars:gpars": {
            "locked": "1.2.1",
            "requested": "1.2.1"
        },
        "org.codenarc:CodeNarc": {
            "locked": "0.25.2",
            "requested": "0.25.2"
        },
        "org.eclipse.jdt:core": {
            "locked": "3.1.1",
            "requested": "3.1.1"
        },
        "org.eclipse.jgit:org.eclipse.jgit": {
            "locked": "4.5.0.201609210915-r",
            "requested": "4.5.0.201609210915-r"
        },
        "org.jetbrains.kotlin:kotlin-stdlib-jdk7": {
            "locked": "1.2.61",
            "requested": "1.2.61"
        },
        "org.ow2.asm:asm": {
            "locked": "5.2",
            "requested": "5.2"
        },
        "org.spockframework:spock-core": {
            "locked": "1.0-groovy-2.4",
            "requested": "1.0-groovy-2.4"
        }
    },
    "integTestCompile": {
        "com.netflix.nebula:gradle-info-plugin": {
            "locked": "3.3.5",
            "requested": "3.3.5"
        },
        "com.netflix.nebula:nebula-dependency-base-plugin": {
            "locked": "0.1.0",
            "requested": "0.1.0"
        },
        "com.netflix.nebula:nebula-gradle-interop": {
            "locked": "0.6.0",
            "requested": "latest.release"
        },
        "com.netflix.nebula:nebula-test": {
            "locked": "6.7.1",
            "requested": "latest.release"
        },
        "commons-lang:commons-lang": {
            "locked": "2.6",
            "requested": "2.6"
        },
        "joda-time:joda-time": {
            "locked": "2.10",
            "requested": "latest.release"
        },
        "junit:junit": {
            "locked": "4.12",
            "requested": "4.12"
        },
        "org.apache.maven:maven-model-builder": {
            "locked": "3.5.4",
            "requested": "3.+"
        },
        "org.codehaus.gpars:gpars": {
            "locked": "1.2.1",
            "requested": "1.2.1"
        },
        "org.codenarc:CodeNarc": {
            "locked": "0.25.2",
            "requested": "0.25.2"
        },
        "org.eclipse.jdt:core": {
            "locked": "3.1.1",
            "requested": "3.1.1"
        },
        "org.eclipse.jgit:org.eclipse.jgit": {
            "locked": "4.5.0.201609210915-r",
            "requested": "4.5.0.201609210915-r"
        },
        "org.jetbrains.kotlin:kotlin-stdlib-jdk7": {
            "locked": "1.2.61",
            "requested": "1.2.61"
        },
        "org.ow2.asm:asm": {
            "locked": "5.2",
            "requested": "5.2"
        },
        "org.ow2.asm:asm-util": {
            "locked": "5.2",
            "requested": "5.2"
        },
        "org.spockframework:spock-core": {
            "locked": "1.1-groovy-2.4-rc-4",
            "requested": "1.0-groovy-2.4"
        }
    },
    "integTestCompileClasspath": {
        "com.netflix.nebula:gradle-info-plugin": {
            "locked": "3.3.5",
            "requested": "3.3.5"
        },
        "com.netflix.nebula:nebula-dependency-base-plugin": {
            "locked": "0.1.0",
            "requested": "0.1.0"
        },
        "com.netflix.nebula:nebula-gradle-interop": {
            "locked": "0.6.0",
            "requested": "latest.release"
        },
        "com.netflix.nebula:nebula-test": {
            "locked": "6.7.1",
            "requested": "latest.release"
        },
        "commons-lang:commons-lang": {
            "locked": "2.6",
            "requested": "2.6"
        },
        "joda-time:joda-time": {
            "locked": "2.10",
            "requested": "latest.release"
        },
        "junit:junit": {
            "locked": "4.12",
            "requested": "4.12"
        },
        "org.apache.maven:maven-model-builder": {
            "locked": "3.5.4",
            "requested": "3.+"
        },
        "org.codehaus.gpars:gpars": {
            "locked": "1.2.1",
            "requested": "1.2.1"
        },
        "org.codenarc:CodeNarc": {
            "locked": "0.25.2",
            "requested": "0.25.2"
        },
        "org.eclipse.jdt:core": {
            "locked": "3.1.1",
            "requested": "3.1.1"
        },
        "org.eclipse.jgit:org.eclipse.jgit": {
            "locked": "4.5.0.201609210915-r",
            "requested": "4.5.0.201609210915-r"
        },
        "org.jetbrains.kotlin:kotlin-stdlib-jdk7": {
            "locked": "1.2.61",
            "requested": "1.2.61"
        },
        "org.ow2.asm:asm": {
            "locked": "5.2",
            "requested": "5.2"
        },
        "org.ow2.asm:asm-util": {
            "locked": "5.2",
            "requested": "5.2"
        },
        "org.spockframework:spock-core": {
            "locked": "1.1-groovy-2.4-rc-4",
            "requested": "1.0-groovy-2.4"
        }
    },
    "integTestRuntime": {
        "com.netflix.nebula:gradle-info-plugin": {
            "locked": "3.3.5",
            "requested": "3.3.5"
        },
        "com.netflix.nebula:nebula-dependency-base-plugin": {
            "locked": "0.1.0",
            "requested": "0.1.0"
        },
        "com.netflix.nebula:nebula-gradle-interop": {
            "locked": "0.6.0",
            "requested": "latest.release"
        },
        "com.netflix.nebula:nebula-test": {
            "locked": "6.7.1",
            "requested": "latest.release"
        },
        "commons-lang:commons-lang": {
            "locked": "2.6",
            "requested": "2.6"
        },
        "joda-time:joda-time": {
            "locked": "2.10",
            "requested": "latest.release"
        },
        "junit:junit": {
            "locked": "4.12",
            "requested": "4.12"
        },
        "org.apache.maven:maven-model-builder": {
            "locked": "3.5.4",
            "requested": "3.+"
        },
        "org.codehaus.gpars:gpars": {
            "locked": "1.2.1",
            "requested": "1.2.1"
        },
        "org.codenarc:CodeNarc": {
            "locked": "0.25.2",
            "requested": "0.25.2"
        },
        "org.eclipse.jdt:core": {
            "locked": "3.1.1",
            "requested": "3.1.1"
        },
        "org.eclipse.jgit:org.eclipse.jgit": {
            "locked": "4.5.0.201609210915-r",
            "requested": "4.5.0.201609210915-r"
        },
        "org.jetbrains.kotlin:kotlin-stdlib-jdk7": {
            "locked": "1.2.61",
            "requested": "1.2.61"
        },
        "org.ow2.asm:asm": {
            "locked": "5.2",
            "requested": "5.2"
        },
        "org.ow2.asm:asm-util": {
            "locked": "5.2",
            "requested": "5.2"
        },
        "org.spockframework:spock-core": {
            "locked": "1.1-groovy-2.4-rc-4",
            "requested": "1.0-groovy-2.4"
        }
    },
    "integTestRuntimeClasspath": {
        "com.netflix.nebula:gradle-info-plugin": {
            "locked": "3.3.5",
            "requested": "3.3.5"
        },
        "com.netflix.nebula:nebula-dependency-base-plugin": {
            "locked": "0.1.0",
            "requested": "0.1.0"
        },
        "com.netflix.nebula:nebula-gradle-interop": {
            "locked": "0.6.0",
            "requested": "latest.release"
        },
        "com.netflix.nebula:nebula-test": {
            "locked": "6.7.1",
            "requested": "latest.release"
        },
        "commons-lang:commons-lang": {
            "locked": "2.6",
            "requested": "2.6"
        },
        "joda-time:joda-time": {
            "locked": "2.10",
            "requested": "latest.release"
        },
        "junit:junit": {
            "locked": "4.12",
            "requested": "4.12"
        },
        "org.apache.maven:maven-model-builder": {
            "locked": "3.5.4",
            "requested": "3.+"
        },
        "org.codehaus.gpars:gpars": {
            "locked": "1.2.1",
            "requested": "1.2.1"
        },
        "org.codenarc:CodeNarc": {
            "locked": "0.25.2",
            "requested": "0.25.2"
        },
        "org.eclipse.jdt:core": {
            "locked": "3.1.1",
            "requested": "3.1.1"
        },
        "org.eclipse.jgit:org.eclipse.jgit": {
            "locked": "4.5.0.201609210915-r",
            "requested": "4.5.0.201609210915-r"
        },
        "org.jetbrains.kotlin:kotlin-stdlib-jdk7": {
            "locked": "1.2.61",
            "requested": "1.2.61"
        },
        "org.ow2.asm:asm": {
            "locked": "5.2",
            "requested": "5.2"
        },
        "org.ow2.asm:asm-util": {
            "locked": "5.2",
            "requested": "5.2"
        },
        "org.spockframework:spock-core": {
            "locked": "1.1-groovy-2.4-rc-4",
            "requested": "1.0-groovy-2.4"
        }
    },
    "jacocoAgent": {
        "org.jacoco:org.jacoco.agent": {
            "locked": "0.8.1"
        }
    },
    "jacocoAnt": {
        "org.jacoco:org.jacoco.ant": {
            "locked": "0.8.1"
        }
    },
    "kotlinCompilerClasspath": {
        "org.jetbrains.kotlin:kotlin-compiler-embeddable": {
            "locked": "1.2.61"
        }
    },
    "kotlinCompilerPluginClasspath": {
        "org.jetbrains.kotlin:kotlin-scripting-compiler-embeddable": {
            "locked": "1.2.61",
            "requested": "1.2.61"
        }
    },
    "plugin": {
        "com.netflix.nebula:gradle-info-plugin": {
            "locked": "3.3.5",
            "requested": "3.3.5"
        },
        "com.netflix.nebula:nebula-test": {
            "locked": "6.7.1",
            "requested": "latest.release"
        },
        "commons-lang:commons-lang": {
            "locked": "2.6",
            "requested": "2.6"
        },
        "junit:junit": {
            "locked": "4.12",
            "requested": "4.12"
        },
        "org.codehaus.gpars:gpars": {
            "locked": "1.2.1",
            "requested": "1.2.1"
        },
        "org.codenarc:CodeNarc": {
            "locked": "0.25.2",
            "requested": "0.25.2"
        },
        "org.eclipse.jdt:core": {
            "locked": "3.1.1",
            "requested": "3.1.1"
        },
        "org.eclipse.jgit:org.eclipse.jgit": {
            "locked": "4.5.0.201609210915-r",
            "requested": "4.5.0.201609210915-r"
        },
        "org.ow2.asm:asm": {
            "locked": "5.2",
            "requested": "5.2"
        },
        "org.spockframework:spock-core": {
            "locked": "1.0-groovy-2.4",
            "requested": "1.0-groovy-2.4"
        }
    },
    "runtime": {
        "com.netflix.nebula:gradle-info-plugin": {
            "locked": "3.3.5",
            "requested": "3.3.5"
        },
        "com.netflix.nebula:nebula-dependency-base-plugin": {
            "locked": "0.1.0",
            "requested": "0.1.0"
        },
        "com.netflix.nebula:nebula-gradle-interop": {
            "locked": "0.6.0",
            "requested": "latest.release"
        },
        "com.netflix.nebula:nebula-test": {
            "locked": "6.7.1",
            "requested": "latest.release"
        },
        "commons-lang:commons-lang": {
            "locked": "2.6",
            "requested": "2.6"
        },
        "junit:junit": {
            "locked": "4.12",
            "requested": "4.12"
        },
        "org.apache.maven:maven-model-builder": {
            "locked": "3.5.4",
            "requested": "3.+"
        },
        "org.codehaus.gpars:gpars": {
            "locked": "1.2.1",
            "requested": "1.2.1"
        },
        "org.codenarc:CodeNarc": {
            "locked": "0.25.2",
            "requested": "0.25.2"
        },
        "org.eclipse.jdt:core": {
            "locked": "3.1.1",
            "requested": "3.1.1"
        },
        "org.eclipse.jgit:org.eclipse.jgit": {
            "locked": "4.5.0.201609210915-r",
            "requested": "4.5.0.201609210915-r"
        },
        "org.jetbrains.kotlin:kotlin-stdlib-jdk7": {
            "locked": "1.2.61",
            "requested": "1.2.61"
        },
        "org.ow2.asm:asm": {
            "locked": "5.2",
            "requested": "5.2"
        },
        "org.spockframework:spock-core": {
            "locked": "1.0-groovy-2.4",
            "requested": "1.0-groovy-2.4"
        }
    },
    "runtimeClasspath": {
        "com.netflix.nebula:gradle-info-plugin": {
            "locked": "3.3.5",
            "requested": "3.3.5"
        },
        "com.netflix.nebula:nebula-dependency-base-plugin": {
            "locked": "0.1.0",
            "requested": "0.1.0"
        },
        "com.netflix.nebula:nebula-gradle-interop": {
            "locked": "0.6.0",
            "requested": "latest.release"
        },
        "com.netflix.nebula:nebula-test": {
            "locked": "6.7.1",
            "requested": "latest.release"
        },
        "commons-lang:commons-lang": {
            "locked": "2.6",
            "requested": "2.6"
        },
        "junit:junit": {
            "locked": "4.12",
            "requested": "4.12"
        },
        "org.apache.maven:maven-model-builder": {
            "locked": "3.5.4",
            "requested": "3.+"
        },
        "org.codehaus.gpars:gpars": {
            "locked": "1.2.1",
            "requested": "1.2.1"
        },
        "org.codenarc:CodeNarc": {
            "locked": "0.25.2",
            "requested": "0.25.2"
        },
        "org.eclipse.jdt:core": {
            "locked": "3.1.1",
            "requested": "3.1.1"
        },
        "org.eclipse.jgit:org.eclipse.jgit": {
            "locked": "4.5.0.201609210915-r",
            "requested": "4.5.0.201609210915-r"
        },
        "org.jetbrains.kotlin:kotlin-stdlib-jdk7": {
            "locked": "1.2.61",
            "requested": "1.2.61"
        },
        "org.ow2.asm:asm": {
            "locked": "5.2",
            "requested": "5.2"
        },
        "org.spockframework:spock-core": {
            "locked": "1.0-groovy-2.4",
            "requested": "1.0-groovy-2.4"
        }
    },
    "testCompile": {
        "com.netflix.nebula:gradle-info-plugin": {
            "locked": "3.3.5",
            "requested": "3.3.5"
        },
        "com.netflix.nebula:nebula-dependency-base-plugin": {
            "locked": "0.1.0",
            "requested": "0.1.0"
        },
        "com.netflix.nebula:nebula-gradle-interop": {
            "locked": "0.6.0",
            "requested": "latest.release"
        },
        "com.netflix.nebula:nebula-test": {
            "locked": "6.7.1",
            "requested": "latest.release"
        },
        "commons-lang:commons-lang": {
            "locked": "2.6",
            "requested": "2.6"
        },
        "joda-time:joda-time": {
            "locked": "2.10",
            "requested": "latest.release"
        },
        "junit:junit": {
            "locked": "4.12",
            "requested": "4.12"
        },
        "org.apache.maven:maven-model-builder": {
            "locked": "3.5.4",
            "requested": "3.+"
        },
        "org.codehaus.gpars:gpars": {
            "locked": "1.2.1",
            "requested": "1.2.1"
        },
        "org.codenarc:CodeNarc": {
            "locked": "0.25.2",
            "requested": "0.25.2"
        },
        "org.eclipse.jdt:core": {
            "locked": "3.1.1",
            "requested": "3.1.1"
        },
        "org.eclipse.jgit:org.eclipse.jgit": {
            "locked": "4.5.0.201609210915-r",
            "requested": "4.5.0.201609210915-r"
        },
        "org.jetbrains.kotlin:kotlin-stdlib-jdk7": {
            "locked": "1.2.61",
            "requested": "1.2.61"
        },
        "org.ow2.asm:asm": {
            "locked": "5.2",
            "requested": "5.2"
        },
        "org.ow2.asm:asm-util": {
            "locked": "5.2",
            "requested": "5.2"
        },
        "org.spockframework:spock-core": {
            "locked": "1.1-groovy-2.4-rc-4",
            "requested": "1.0-groovy-2.4"
        }
    },
    "testCompileClasspath": {
        "com.netflix.nebula:gradle-info-plugin": {
            "locked": "3.3.5",
            "requested": "3.3.5"
        },
        "com.netflix.nebula:nebula-dependency-base-plugin": {
            "locked": "0.1.0",
            "requested": "0.1.0"
        },
        "com.netflix.nebula:nebula-gradle-interop": {
            "locked": "0.6.0",
            "requested": "latest.release"
        },
        "com.netflix.nebula:nebula-test": {
            "locked": "6.7.1",
            "requested": "latest.release"
        },
        "commons-lang:commons-lang": {
            "locked": "2.6",
            "requested": "2.6"
        },
        "joda-time:joda-time": {
            "locked": "2.10",
            "requested": "latest.release"
        },
        "junit:junit": {
            "locked": "4.12",
            "requested": "4.12"
        },
        "org.apache.maven:maven-model-builder": {
            "locked": "3.5.4",
            "requested": "3.+"
        },
        "org.codehaus.gpars:gpars": {
            "locked": "1.2.1",
            "requested": "1.2.1"
        },
        "org.codenarc:CodeNarc": {
            "locked": "0.25.2",
            "requested": "0.25.2"
        },
        "org.eclipse.jdt:core": {
            "locked": "3.1.1",
            "requested": "3.1.1"
        },
        "org.eclipse.jgit:org.eclipse.jgit": {
            "locked": "4.5.0.201609210915-r",
            "requested": "4.5.0.201609210915-r"
        },
        "org.jetbrains.kotlin:kotlin-stdlib-jdk7": {
            "locked": "1.2.61",
            "requested": "1.2.61"
        },
        "org.ow2.asm:asm": {
            "locked": "5.2",
            "requested": "5.2"
        },
        "org.ow2.asm:asm-util": {
            "locked": "5.2",
            "requested": "5.2"
        },
        "org.spockframework:spock-core": {
            "locked": "1.1-groovy-2.4-rc-4",
            "requested": "1.0-groovy-2.4"
        }
    },
    "testRuntime": {
        "com.netflix.nebula:gradle-info-plugin": {
            "locked": "3.3.5",
            "requested": "3.3.5"
        },
        "com.netflix.nebula:nebula-dependency-base-plugin": {
            "locked": "0.1.0",
            "requested": "0.1.0"
        },
        "com.netflix.nebula:nebula-gradle-interop": {
            "locked": "0.6.0",
            "requested": "latest.release"
        },
        "com.netflix.nebula:nebula-test": {
            "locked": "6.7.1",
            "requested": "latest.release"
        },
        "commons-lang:commons-lang": {
            "locked": "2.6",
            "requested": "2.6"
        },
        "joda-time:joda-time": {
            "locked": "2.10",
            "requested": "latest.release"
        },
        "junit:junit": {
            "locked": "4.12",
            "requested": "4.12"
        },
        "org.apache.maven:maven-model-builder": {
            "locked": "3.5.4",
            "requested": "3.+"
        },
        "org.codehaus.gpars:gpars": {
            "locked": "1.2.1",
            "requested": "1.2.1"
        },
        "org.codenarc:CodeNarc": {
            "locked": "0.25.2",
            "requested": "0.25.2"
        },
        "org.eclipse.jdt:core": {
            "locked": "3.1.1",
            "requested": "3.1.1"
        },
        "org.eclipse.jgit:org.eclipse.jgit": {
            "locked": "4.5.0.201609210915-r",
            "requested": "4.5.0.201609210915-r"
        },
        "org.jetbrains.kotlin:kotlin-stdlib-jdk7": {
            "locked": "1.2.61",
            "requested": "1.2.61"
        },
        "org.ow2.asm:asm": {
            "locked": "5.2",
            "requested": "5.2"
        },
        "org.ow2.asm:asm-util": {
            "locked": "5.2",
            "requested": "5.2"
        },
        "org.spockframework:spock-core": {
            "locked": "1.1-groovy-2.4-rc-4",
            "requested": "1.0-groovy-2.4"
        }
    },
    "testRuntimeClasspath": {
        "com.netflix.nebula:gradle-info-plugin": {
            "locked": "3.3.5",
            "requested": "3.3.5"
        },
        "com.netflix.nebula:nebula-dependency-base-plugin": {
            "locked": "0.1.0",
            "requested": "0.1.0"
        },
        "com.netflix.nebula:nebula-gradle-interop": {
            "locked": "0.6.0",
            "requested": "latest.release"
        },
        "com.netflix.nebula:nebula-test": {
            "locked": "6.7.1",
            "requested": "latest.release"
        },
        "commons-lang:commons-lang": {
            "locked": "2.6",
            "requested": "2.6"
        },
        "joda-time:joda-time": {
            "locked": "2.10",
            "requested": "latest.release"
        },
        "junit:junit": {
            "locked": "4.12",
            "requested": "4.12"
        },
        "org.apache.maven:maven-model-builder": {
            "locked": "3.5.4",
            "requested": "3.+"
        },
        "org.codehaus.gpars:gpars": {
            "locked": "1.2.1",
            "requested": "1.2.1"
        },
        "org.codenarc:CodeNarc": {
            "locked": "0.25.2",
            "requested": "0.25.2"
        },
        "org.eclipse.jdt:core": {
            "locked": "3.1.1",
            "requested": "3.1.1"
        },
        "org.eclipse.jgit:org.eclipse.jgit": {
            "locked": "4.5.0.201609210915-r",
            "requested": "4.5.0.201609210915-r"
        },
        "org.jetbrains.kotlin:kotlin-stdlib-jdk7": {
            "locked": "1.2.61",
            "requested": "1.2.61"
        },
        "org.ow2.asm:asm": {
            "locked": "5.2",
            "requested": "5.2"
        },
        "org.ow2.asm:asm-util": {
            "locked": "5.2",
            "requested": "5.2"
        },
        "org.spockframework:spock-core": {
            "locked": "1.1-groovy-2.4-rc-4",
            "requested": "1.0-groovy-2.4"
        }
    }
}