# This is a Gradle generated file for dependency locking.
# Manual edits can break the build and are not advised.
# This file is expected to be part of source control.
cglib:cglib-nodep:3.2.2=integTestRuntimeClasspath,testRuntimeClasspath
com.google.errorprone:error_prone_annotations:2.36.0=compileClasspath,runtimeClasspath,testCompileClasspath,testRuntimeClasspath
com.google.guava:failureaccess:1.0.3=compileClasspath,runtimeClasspath,testCompileClasspath,testRuntimeClasspath
com.google.guava:guava:33.4.8-jre=compileClasspath,runtimeClasspath,testCompileClasspath,testRuntimeClasspath
com.google.guava:listenablefuture:9999.0-empty-to-avoid-conflict-with-guava=compileClasspath,runtimeClasspath,testCompileClasspath,testRuntimeClasspath
com.google.j2objc:j2objc-annotations:3.0.0=compileClasspath,runtimeClasspath,testCompileClasspath,testRuntimeClasspath
com.jcraft:jzlib:1.1.2=integTestRuntimeClasspath,testRuntimeClasspath
com.netflix.nebula:gradle-contacts-plugin:7.0.1=integTestRuntimeClasspath,testRuntimeClasspath
com.netflix.nebula:gradle-info-plugin:14.0.0=integTestCompileClasspath,integTestRuntimeClasspath,testCompileClasspath,testRuntimeClasspath
com.netflix.nebula:nebula-gradle-interop:2.3.0=integTestRuntimeClasspath
com.netflix.nebula:nebula-gradle-interop:3.0.0=compileClasspath,runtimeClasspath,shadow,testCompileClasspath,testRuntimeClasspath
com.netflix.nebula:nebula-test:10.6.2=compileClasspath
com.netflix.nebula:nebula-test:11.3.0=integTestCompileClasspath,integTestRuntimeClasspath,testCompileClasspath,testRuntimeClasspath
com.perforce:p4java:2015.2.1365273=integTestRuntimeClasspath,testRuntimeClasspath
commons-lang:commons-lang:2.6=compileClasspath,runtimeClasspath,testCompileClasspath,testRuntimeClasspath
javax.inject:javax.inject:1=compileClasspath,runtimeClasspath,shadow,testCompileClasspath,testRuntimeClasspath
joda-time:joda-time:2.14.0=integTestCompileClasspath,integTestRuntimeClasspath,testCompileClasspath,testRuntimeClasspath
junit:junit:4.13.2=compileClasspath,integTestCompileClasspath,integTestRuntimeClasspath,testCompileClasspath,testRuntimeClasspath
net.bytebuddy:byte-buddy:1.15.11=integTestCompileClasspath,integTestRuntimeClasspath,testCompileClasspath,testRuntimeClasspath
net.java.dev.jna:jna-platform:5.16.0=integTestRuntimeClasspath,testRuntimeClasspath
net.java.dev.jna:jna:5.16.0=integTestRuntimeClasspath,testRuntimeClasspath
org.apache.commons:commons-lang3:3.8.1=compileClasspath,runtimeClasspath,shadow,testCompileClasspath,testRuntimeClasspath
org.apache.groovy:groovy:4.0.4=compileClasspath,integTestCompileClasspath,integTestRuntimeClasspath,testCompileClasspath,testRuntimeClasspath
org.apache.maven:maven-artifact:3.8.3=compileClasspath,runtimeClasspath,shadow,testCompileClasspath,testRuntimeClasspath
org.apache.maven:maven-builder-support:3.8.3=compileClasspath,runtimeClasspath,shadow,testCompileClasspath,testRuntimeClasspath
org.apache.maven:maven-model-builder:3.8.3=compileClasspath,runtimeClasspath,shadow,testCompileClasspath,testRuntimeClasspath
org.apache.maven:maven-model:3.8.3=compileClasspath,runtimeClasspath,shadow,testCompileClasspath,testRuntimeClasspath
org.apiguardian:apiguardian-api:1.1.2=compileClasspath,integTestCompileClasspath,integTestRuntimeClasspath,testCompileClasspath,testRuntimeClasspath
org.assertj:assertj-core:3.27.3=integTestCompileClasspath,integTestRuntimeClasspath,testCompileClasspath,testRuntimeClasspath
org.codehaus.gpars:gpars:1.2.1=compileClasspath,runtimeClasspath,shadow,testCompileClasspath,testRuntimeClasspath
org.codehaus.jsr166-mirror:jsr166y:1.7.0=compileClasspath,runtimeClasspath,shadow,testCompileClasspath,testRuntimeClasspath
org.codehaus.plexus:plexus-interpolation:1.26=compileClasspath,runtimeClasspath,shadow,testCompileClasspath,testRuntimeClasspath
org.codehaus.plexus:plexus-utils:3.3.0=compileClasspath,runtimeClasspath,shadow,testCompileClasspath,testRuntimeClasspath
org.codenarc:CodeNarc:3.6.0-groovy-4.0=compileClasspath,runtimeClasspath,testCompileClasspath,testRuntimeClasspath
org.eclipse.core:commands:3.3.0-I20070605-0010=compileClasspath,runtimeClasspath,testCompileClasspath,testRuntimeClasspath
org.eclipse.core:contenttype:3.4.200-v20140207-1251=compileClasspath,runtimeClasspath,testCompileClasspath,testRuntimeClasspath
org.eclipse.core:expressions:3.3.0-v20070606-0010=compileClasspath,runtimeClasspath,testCompileClasspath,testRuntimeClasspath
org.eclipse.core:filesystem:1.1.0-v20070606=compileClasspath,runtimeClasspath,testCompileClasspath,testRuntimeClasspath
org.eclipse.core:jobs:3.6.0-v20140424-0053=compileClasspath,runtimeClasspath,testCompileClasspath,testRuntimeClasspath
org.eclipse.core:resources:3.3.0-v20070604=compileClasspath,runtimeClasspath,testCompileClasspath,testRuntimeClasspath
org.eclipse.core:runtime:3.10.0-v20140318-2214=compileClasspath,runtimeClasspath,testCompileClasspath,testRuntimeClasspath
org.eclipse.equinox:app:1.3.200-v20130910-1609=compileClasspath,runtimeClasspath,testCompileClasspath,testRuntimeClasspath
org.eclipse.equinox:common:3.6.200-v20130402-1505=compileClasspath,runtimeClasspath,testCompileClasspath,testRuntimeClasspath
org.eclipse.equinox:preferences:3.5.200-v20140224-1527=compileClasspath,runtimeClasspath,testCompileClasspath,testRuntimeClasspath
org.eclipse.equinox:registry:3.5.400-v20140428-1507=compileClasspath,runtimeClasspath,testCompileClasspath,testRuntimeClasspath
org.eclipse.jdt:core:3.3.0-v_771=compileClasspath,runtimeClasspath,testCompileClasspath,testRuntimeClasspath
org.eclipse.jgit:org.eclipse.jgit:5.0.1.201806211838-r=compileClasspath,runtimeClasspath,testCompileClasspath,testRuntimeClasspath
org.eclipse.sisu:org.eclipse.sisu.inject:0.3.5=compileClasspath,runtimeClasspath,shadow,testCompileClasspath,testRuntimeClasspath
org.eclipse:osgi:3.10.0-v20140606-1445=compileClasspath,runtimeClasspath,testCompileClasspath,testRuntimeClasspath
org.eclipse:text:3.3.0-v20070606-0010=compileClasspath,runtimeClasspath,testCompileClasspath,testRuntimeClasspath
org.hamcrest:hamcrest-core:1.3=compileClasspath,integTestCompileClasspath,integTestRuntimeClasspath,testCompileClasspath,testRuntimeClasspath
org.hamcrest:hamcrest:2.2=compileClasspath,integTestCompileClasspath,integTestRuntimeClasspath,testCompileClasspath,testRuntimeClasspath
org.jetbrains.kotlin:kotlin-stdlib:2.2.0=compileClasspath,integTestCompileClasspath,integTestRuntimeClasspath,runtimeClasspath,shadow,testCompileClasspath,testRuntimeClasspath
org.jetbrains:annotations:13.0=compileClasspath,integTestCompileClasspath,integTestRuntimeClasspath,runtimeClasspath,shadow,testCompileClasspath,testRuntimeClasspath
org.jspecify:jspecify:1.0.0=compileClasspath,integTestCompileClasspath,integTestRuntimeClasspath,runtimeClasspath,testCompileClasspath,testRuntimeClasspath
org.junit.platform:junit-platform-commons:1.13.4=integTestCompileClasspath,integTestRuntimeClasspath,testCompileClasspath,testRuntimeClasspath
org.junit.platform:junit-platform-commons:1.9.0=compileClasspath
org.junit.platform:junit-platform-engine:1.13.4=integTestCompileClasspath,integTestRuntimeClasspath,testCompileClasspath,testRuntimeClasspath
org.junit.platform:junit-platform-engine:1.9.0=compileClasspath
org.junit.platform:junit-platform-launcher:1.13.4=integTestCompileClasspath,integTestRuntimeClasspath,testCompileClasspath,testRuntimeClasspath
org.multiverse:multiverse-core:0.7.0=compileClasspath,runtimeClasspath,shadow,testCompileClasspath,testRuntimeClasspath
org.objenesis:objenesis:2.4=integTestRuntimeClasspath,testRuntimeClasspath
org.opentest4j:opentest4j:1.2.0=compileClasspath
org.opentest4j:opentest4j:1.3.0=integTestCompileClasspath,integTestRuntimeClasspath,testCompileClasspath,testRuntimeClasspath
org.ow2.asm:asm-analysis:9.8=integTestCompileClasspath,integTestRuntimeClasspath,testCompileClasspath,testRuntimeClasspath
org.ow2.asm:asm-commons:9.8=compileClasspath,runtimeClasspath,testCompileClasspath,testRuntimeClasspath
org.ow2.asm:asm-tree:9.8=compileClasspath,integTestCompileClasspath,integTestRuntimeClasspath,runtimeClasspath,testCompileClasspath,testRuntimeClasspath
org.ow2.asm:asm-util:9.8=integTestCompileClasspath,integTestRuntimeClasspath,testCompileClasspath,testRuntimeClasspath
org.ow2.asm:asm:9.8=compileClasspath,integTestCompileClasspath,integTestRuntimeClasspath,runtimeClasspath,testCompileClasspath,testRuntimeClasspath
org.spockframework:spock-core:2.3-groovy-4.0=compileClasspath,integTestCompileClasspath,integTestRuntimeClasspath,testCompileClasspath,testRuntimeClasspath
org.spockframework:spock-junit4:2.3-groovy-3.0=compileClasspath
org.spockframework:spock-junit4:2.3-groovy-4.0=integTestCompileClasspath,integTestRuntimeClasspath,testCompileClasspath,testRuntimeClasspath
empty=annotationProcessor,compile,integTestAnnotationProcessor,integTestCompile,integTestCompileOnly,integTestRuntime,runtime,testAnnotationProcessor,testCompile,testCompileOnly,testRuntime
