# This is a Gradle generated file for dependency locking.
# Manual edits can break the build and are not advised.
# This file is expected to be part of source control.
cglib:cglib-nodep:3.2.2=integTestRuntimeClasspath,testRuntimeClasspath
com.google.errorprone:error_prone_annotations:2.36.0=compileClasspath,runtimeClasspath,testCompileClasspath,testRuntimeClasspath
com.google.guava:failureaccess:1.0.3=compileClasspath,runtimeClasspath,testCompileClasspath,testRuntimeClasspath
com.google.guava:guava:33.4.8-jre=compileClasspath,runtimeClasspath,testCompileClasspath,testRuntimeClasspath
com.google.guava:listenablefuture:9999.0-empty-to-avoid-conflict-with-guava=compileClasspath,runtimeClasspath,testCompileClasspath,testRuntimeClasspath
com.google.j2objc:j2objc-annotations:3.0.0=compileClasspath,runtimeClasspath,testCompileClasspath,testRuntimeClasspath
com.jcraft:jzlib:1.1.2=integTestRuntimeClasspath,testRuntimeClasspath
com.netflix.nebula:gradle-contacts-plugin:7.0.1=integTestRuntimeClasspath,testRuntimeClasspath
com.netflix.nebula:gradle-info-plugin:14.0.0=integTestCompileClasspath,integTestRuntimeClasspath,testCompileClasspath,testRuntimeClasspath
com.netflix.nebula:nebula-gradle-interop:2.3.0=compileClasspath,integTestRuntimeClasspath,runtimeClasspath,shadow,testCompileClasspath,testRuntimeClasspath
com.netflix.nebula:nebula-test:10.6.2=compileClasspath,integTestCompileClasspath,integTestRuntimeClasspath,testCompileClasspath,testRuntimeClasspath
com.perforce:p4java:2015.2.1365273=integTestRuntimeClasspath,testRuntimeClasspath
commons-lang:commons-lang:2.6=compileClasspath,runtimeClasspath,testCompileClasspath,testRuntimeClasspath
dev.gradleplugins:gradle-api:7.6=compileClasspath
javax.inject:javax.inject:1=compileClasspath,runtimeClasspath,shadow,testCompileClasspath,testRuntimeClasspath
joda-time:joda-time:2.14.0=integTestCompileClasspath,integTestRuntimeClasspath,testCompileClasspath,testRuntimeClasspath
junit:junit:4.13.2=compileClasspath,integTestCompileClasspath,integTestRuntimeClasspath,testCompileClasspath,testRuntimeClasspath
net.java.dev.jna:jna-platform:5.16.0=integTestRuntimeClasspath,testRuntimeClasspath
net.java.dev.jna:jna:5.16.0=integTestRuntimeClasspath,testRuntimeClasspath
org.apache.commons:commons-lang3:3.8.1=compileClasspath,runtimeClasspath,shadow,testCompileClasspath,testRuntimeClasspath
org.apache.maven:maven-artifact:3.8.3=compileClasspath,runtimeClasspath,shadow,testCompileClasspath,testRuntimeClasspath
org.apache.maven:maven-builder-support:3.8.3=compileClasspath,runtimeClasspath,shadow,testCompileClasspath,testRuntimeClasspath
org.apache.maven:maven-model-builder:3.8.3=compileClasspath,runtimeClasspath,shadow,testCompileClasspath,testRuntimeClasspath
org.apache.maven:maven-model:3.8.3=compileClasspath,runtimeClasspath,shadow,testCompileClasspath,testRuntimeClasspath
org.apiguardian:apiguardian-api:1.1.2=compileClasspath,integTestCompileClasspath,integTestRuntimeClasspath,testCompileClasspath,testRuntimeClasspath
org.codehaus.gpars:gpars:1.2.1=compileClasspath,runtimeClasspath,shadow,testCompileClasspath,testRuntimeClasspath
org.codehaus.groovy:groovy:3.0.12=integTestCompileClasspath,integTestRuntimeClasspath,testCompileClasspath,testRuntimeClasspath
org.codehaus.groovy:groovy:3.0.13=compileClasspath
org.codehaus.jsr166-mirror:jsr166y:1.7.0=compileClasspath,runtimeClasspath,shadow,testCompileClasspath,testRuntimeClasspath
org.codehaus.plexus:plexus-interpolation:1.26=compileClasspath,runtimeClasspath,shadow,testCompileClasspath,testRuntimeClasspath
org.codehaus.plexus:plexus-utils:3.3.0=compileClasspath,runtimeClasspath,shadow,testCompileClasspath,testRuntimeClasspath
org.codenarc:CodeNarc:2.0.0=compileClasspath,runtimeClasspath,testCompileClasspath,testRuntimeClasspath
org.eclipse.jdt:core:3.1.1=compileClasspath,runtimeClasspath,testCompileClasspath,testRuntimeClasspath
org.eclipse.jgit:org.eclipse.jgit:5.0.1.201806211838-r=compileClasspath,runtimeClasspath,testCompileClasspath,testRuntimeClasspath
org.eclipse.sisu:org.eclipse.sisu.inject:0.3.5=compileClasspath,runtimeClasspath,shadow,testCompileClasspath,testRuntimeClasspath
org.hamcrest:hamcrest-core:1.3=compileClasspath,integTestCompileClasspath,integTestRuntimeClasspath,testCompileClasspath,testRuntimeClasspath
org.hamcrest:hamcrest:2.2=compileClasspath,integTestCompileClasspath,integTestRuntimeClasspath,testCompileClasspath,testRuntimeClasspath
org.jetbrains.kotlin:kotlin-stdlib:2.1.0=compileClasspath,integTestCompileClasspath,integTestRuntimeClasspath,runtimeClasspath,shadow,testCompileClasspath,testRuntimeClasspath
org.jetbrains:annotations:13.0=compileClasspath,integTestCompileClasspath,integTestRuntimeClasspath,runtimeClasspath,shadow,testCompileClasspath,testRuntimeClasspath
org.jspecify:jspecify:1.0.0=compileClasspath,runtimeClasspath,testCompileClasspath,testRuntimeClasspath
org.junit.platform:junit-platform-commons:1.9.0=compileClasspath,integTestCompileClasspath,integTestRuntimeClasspath,testCompileClasspath,testRuntimeClasspath
org.junit.platform:junit-platform-engine:1.9.0=compileClasspath,integTestCompileClasspath,integTestRuntimeClasspath,testCompileClasspath,testRuntimeClasspath
org.multiverse:multiverse-core:0.7.0=compileClasspath,runtimeClasspath,shadow,testCompileClasspath,testRuntimeClasspath
org.objenesis:objenesis:2.4=integTestRuntimeClasspath,testRuntimeClasspath
org.opentest4j:opentest4j:1.2.0=compileClasspath,integTestCompileClasspath,integTestRuntimeClasspath,testCompileClasspath,testRuntimeClasspath
org.ow2.asm:asm-analysis:9.7.1=integTestCompileClasspath,integTestRuntimeClasspath,testCompileClasspath,testRuntimeClasspath
org.ow2.asm:asm-commons:9.8=compileClasspath,runtimeClasspath,testCompileClasspath,testRuntimeClasspath
org.ow2.asm:asm-tree:9.7.1=integTestCompileClasspath,integTestRuntimeClasspath
org.ow2.asm:asm-tree:9.8=compileClasspath,runtimeClasspath,testCompileClasspath,testRuntimeClasspath
org.ow2.asm:asm-util:9.7.1=integTestCompileClasspath,integTestRuntimeClasspath,testCompileClasspath,testRuntimeClasspath
org.ow2.asm:asm:9.7.1=integTestCompileClasspath,integTestRuntimeClasspath
org.ow2.asm:asm:9.8=compileClasspath,runtimeClasspath,testCompileClasspath,testRuntimeClasspath
org.spockframework:spock-core:2.3-groovy-3.0=compileClasspath,integTestCompileClasspath,integTestRuntimeClasspath,testCompileClasspath,testRuntimeClasspath
org.spockframework:spock-junit4:2.3-groovy-3.0=compileClasspath,integTestCompileClasspath,integTestRuntimeClasspath,testCompileClasspath,testRuntimeClasspath
empty=annotationProcessor,compile,integTestAnnotationProcessor,integTestCompile,integTestCompileOnly,integTestRuntime,runtime,testAnnotationProcessor,testCompile,testCompileOnly,testRuntime
