# This is a Gradle generated file for dependency locking.
# Manual edits can break the build and are not advised.
# This file is expected to be part of source control.
cglib:cglib-nodep:3.2.2=integTestRuntimeClasspath,testRuntimeClasspath
com.google.guava:guava:19.0=compileClasspath,integTestCompileClasspath,integTestRuntimeClasspath,runtimeClasspath,testCompileClasspath,testRuntimeClasspath
com.googlecode.javaewah:JavaEWAH:1.1.7=integTestRuntimeClasspath,testRuntimeClasspath
com.jcraft:jsch.agentproxy.connector-factory:0.0.7=integTestRuntimeClasspath,testRuntimeClasspath
com.jcraft:jsch.agentproxy.core:0.0.7=integTestRuntimeClasspath,testRuntimeClasspath
com.jcraft:jsch.agentproxy.pageant:0.0.7=integTestRuntimeClasspath,testRuntimeClasspath
com.jcraft:jsch.agentproxy.sshagent:0.0.7=integTestRuntimeClasspath,testRuntimeClasspath
com.jcraft:jsch.agentproxy.svnkit-trilead-ssh2:0.0.7=integTestRuntimeClasspath,testRuntimeClasspath
com.jcraft:jsch.agentproxy.usocket-jna:0.0.7=integTestRuntimeClasspath,testRuntimeClasspath
com.jcraft:jsch.agentproxy.usocket-nc:0.0.7=integTestRuntimeClasspath,testRuntimeClasspath
com.jcraft:jsch:0.1.55=integTestRuntimeClasspath,testRuntimeClasspath
com.jcraft:jzlib:1.1.2=integTestRuntimeClasspath,testRuntimeClasspath
com.netflix.nebula:gradle-contacts-plugin:6.0.0=integTestRuntimeClasspath,testRuntimeClasspath
com.netflix.nebula:gradle-info-plugin:11.0.1=integTestCompileClasspath,integTestRuntimeClasspath,testCompileClasspath,testRuntimeClasspath
com.netflix.nebula:nebula-gradle-interop:2.0.0=compileClasspath,integTestCompileClasspath,integTestRuntimeClasspath,runtimeClasspath,testCompileClasspath,testRuntimeClasspath
com.netflix.nebula:nebula-test:10.1.0=compileClasspath,integTestCompileClasspath,integTestRuntimeClasspath,testCompileClasspath,testRuntimeClasspath
com.perforce:p4java:2015.2.1365273=integTestRuntimeClasspath,testRuntimeClasspath
com.trilead:trilead-ssh2:1.0.0-build220=integTestRuntimeClasspath,testRuntimeClasspath
commons-lang:commons-lang:2.6=compileClasspath,integTestCompileClasspath,integTestRuntimeClasspath,runtimeClasspath,testCompileClasspath,testRuntimeClasspath
de.regnis.q.sequence:sequence-library:1.0.3=integTestRuntimeClasspath,testRuntimeClasspath
dev.gradleplugins:gradle-api:7.2=compileClasspath
javax.inject:javax.inject:1=compileClasspath,integTestCompileClasspath,integTestRuntimeClasspath,runtimeClasspath,testCompileClasspath,testRuntimeClasspath
joda-time:joda-time:2.10.13=integTestCompileClasspath,integTestRuntimeClasspath,testCompileClasspath,testRuntimeClasspath
junit:junit:4.13=compileClasspath,integTestCompileClasspath,integTestRuntimeClasspath,testCompileClasspath,testRuntimeClasspath
net.java.dev.jna:jna-platform:5.7.0=integTestRuntimeClasspath,testRuntimeClasspath
net.java.dev.jna:jna:5.7.0=integTestRuntimeClasspath,testRuntimeClasspath
net.java.dev.jna:platform:3.4.0=integTestRuntimeClasspath,testRuntimeClasspath
org.antlr:antlr-runtime:3.4=integTestRuntimeClasspath,testRuntimeClasspath
org.apache.commons:commons-lang3:3.8.1=compileClasspath,integTestCompileClasspath,integTestRuntimeClasspath,runtimeClasspath,testCompileClasspath,testRuntimeClasspath
org.apache.maven:maven-artifact:3.8.3=compileClasspath,integTestCompileClasspath,integTestRuntimeClasspath,runtimeClasspath,testCompileClasspath,testRuntimeClasspath
org.apache.maven:maven-builder-support:3.8.3=compileClasspath,integTestCompileClasspath,integTestRuntimeClasspath,runtimeClasspath,testCompileClasspath,testRuntimeClasspath
org.apache.maven:maven-model-builder:3.8.3=compileClasspath,integTestCompileClasspath,integTestRuntimeClasspath,runtimeClasspath,testCompileClasspath,testRuntimeClasspath
org.apache.maven:maven-model:3.8.3=compileClasspath,integTestCompileClasspath,integTestRuntimeClasspath,runtimeClasspath,testCompileClasspath,testRuntimeClasspath
org.apiguardian:apiguardian-api:1.1.0=compileClasspath,integTestCompileClasspath,integTestRuntimeClasspath,testCompileClasspath,testRuntimeClasspath
org.bouncycastle:bcpg-jdk15on:1.64=integTestRuntimeClasspath,testRuntimeClasspath
org.bouncycastle:bcpkix-jdk15on:1.64=integTestRuntimeClasspath,testRuntimeClasspath
org.bouncycastle:bcprov-jdk15on:1.64=integTestRuntimeClasspath,testRuntimeClasspath
org.codehaus.gpars:gpars:1.2.1=compileClasspath,integTestCompileClasspath,integTestRuntimeClasspath,runtimeClasspath,testCompileClasspath,testRuntimeClasspath
org.codehaus.groovy:groovy:3.0.6=integTestCompileClasspath,integTestRuntimeClasspath,testCompileClasspath,testRuntimeClasspath
org.codehaus.groovy:groovy:3.0.8=compileClasspath
org.codehaus.jsr166-mirror:jsr166y:1.7.0=compileClasspath,integTestCompileClasspath,integTestRuntimeClasspath,runtimeClasspath,testCompileClasspath,testRuntimeClasspath
org.codehaus.plexus:plexus-interpolation:1.26=compileClasspath,integTestCompileClasspath,integTestRuntimeClasspath,runtimeClasspath,testCompileClasspath,testRuntimeClasspath
org.codehaus.plexus:plexus-utils:3.3.0=compileClasspath,integTestCompileClasspath,integTestRuntimeClasspath,runtimeClasspath,testCompileClasspath,testRuntimeClasspath
org.codenarc:CodeNarc:2.0.0=compileClasspath,integTestCompileClasspath,integTestRuntimeClasspath,runtimeClasspath,testCompileClasspath,testRuntimeClasspath
org.eclipse.jdt:core:3.1.1=compileClasspath,integTestCompileClasspath,integTestRuntimeClasspath,runtimeClasspath,testCompileClasspath,testRuntimeClasspath
org.eclipse.jgit:org.eclipse.jgit:5.0.1.201806211838-r=compileClasspath,integTestCompileClasspath,runtimeClasspath,testCompileClasspath
org.eclipse.jgit:org.eclipse.jgit:5.7.0.202003110725-r=integTestRuntimeClasspath,testRuntimeClasspath
org.eclipse.sisu:org.eclipse.sisu.inject:0.3.5=compileClasspath,integTestCompileClasspath,integTestRuntimeClasspath,runtimeClasspath,testCompileClasspath,testRuntimeClasspath
org.hamcrest:hamcrest-core:1.3=compileClasspath,integTestCompileClasspath,integTestRuntimeClasspath,testCompileClasspath,testRuntimeClasspath
org.hamcrest:hamcrest:2.2=compileClasspath,integTestCompileClasspath,integTestRuntimeClasspath,testCompileClasspath,testRuntimeClasspath
org.jetbrains.kotlin:kotlin-reflect:1.5.31=compileClasspath,integTestCompileClasspath,integTestRuntimeClasspath,runtimeClasspath,testCompileClasspath,testRuntimeClasspath
org.jetbrains.kotlin:kotlin-stdlib-common:1.5.31=compileClasspath,integTestCompileClasspath,integTestRuntimeClasspath,runtimeClasspath,testCompileClasspath,testRuntimeClasspath
org.jetbrains.kotlin:kotlin-stdlib-jdk7:1.5.31=compileClasspath,integTestCompileClasspath,integTestRuntimeClasspath,runtimeClasspath,testCompileClasspath,testRuntimeClasspath
org.jetbrains.kotlin:kotlin-stdlib-jdk8:1.5.31=compileClasspath,integTestCompileClasspath,integTestRuntimeClasspath,runtimeClasspath,testCompileClasspath,testRuntimeClasspath
org.jetbrains.kotlin:kotlin-stdlib:1.5.31=compileClasspath,integTestCompileClasspath,integTestRuntimeClasspath,runtimeClasspath,testCompileClasspath,testRuntimeClasspath
org.jetbrains:annotations:13.0=compileClasspath,integTestCompileClasspath,integTestRuntimeClasspath,runtimeClasspath,testCompileClasspath,testRuntimeClasspath
org.junit.platform:junit-platform-commons:1.7.0=compileClasspath,integTestCompileClasspath,integTestRuntimeClasspath,testCompileClasspath,testRuntimeClasspath
org.junit.platform:junit-platform-engine:1.7.0=compileClasspath,integTestCompileClasspath,integTestRuntimeClasspath,testCompileClasspath,testRuntimeClasspath
org.multiverse:multiverse-core:0.7.0=compileClasspath,integTestCompileClasspath,integTestRuntimeClasspath,runtimeClasspath,testCompileClasspath,testRuntimeClasspath
org.objenesis:objenesis:2.4=integTestRuntimeClasspath,testRuntimeClasspath
org.opentest4j:opentest4j:1.2.0=compileClasspath,integTestCompileClasspath,integTestRuntimeClasspath,testCompileClasspath,testRuntimeClasspath
org.ow2.asm:asm-analysis:9.2=compileClasspath,integTestCompileClasspath,integTestRuntimeClasspath,runtimeClasspath,testCompileClasspath,testRuntimeClasspath
org.ow2.asm:asm-commons:9.2=compileClasspath,integTestCompileClasspath,integTestRuntimeClasspath,runtimeClasspath,testCompileClasspath,testRuntimeClasspath
org.ow2.asm:asm-tree:9.2=compileClasspath,integTestCompileClasspath,integTestRuntimeClasspath,runtimeClasspath,testCompileClasspath,testRuntimeClasspath
org.ow2.asm:asm-util:9.2=integTestCompileClasspath,integTestRuntimeClasspath,testCompileClasspath,testRuntimeClasspath
org.ow2.asm:asm:9.2=compileClasspath,integTestCompileClasspath,integTestRuntimeClasspath,runtimeClasspath,testCompileClasspath,testRuntimeClasspath
org.slf4j:slf4j-api:1.7.2=integTestRuntimeClasspath,testRuntimeClasspath
org.spockframework:spock-core:2.0-M4-groovy-3.0=compileClasspath,integTestCompileClasspath,integTestRuntimeClasspath,testCompileClasspath,testRuntimeClasspath
org.spockframework:spock-junit4:2.0-M4-groovy-3.0=compileClasspath,integTestCompileClasspath,integTestRuntimeClasspath,testCompileClasspath,testRuntimeClasspath
org.tmatesoft.sqljet:sqljet:1.1.10=integTestRuntimeClasspath,testRuntimeClasspath
org.tmatesoft.svnkit:svnkit:1.8.12=integTestRuntimeClasspath,testRuntimeClasspath
empty=annotationProcessor,compile,integTestAnnotationProcessor,integTestCompile,integTestCompileOnly,integTestRuntime,runtime,shadow,testAnnotationProcessor,testCompile,testCompileOnly,testRuntime
