# This is a Gradle generated file for dependency locking.
# Manual edits can break the build and are not advised.
# This file is expected to be part of source control.
com.google.guava:guava:19.0
com.googlecode.javaewah:JavaEWAH:1.1.6
com.jcraft:jsch.agentproxy.connector-factory:0.0.7
com.jcraft:jsch.agentproxy.core:0.0.7
com.jcraft:jsch.agentproxy.pageant:0.0.7
com.jcraft:jsch.agentproxy.sshagent:0.0.7
com.jcraft:jsch.agentproxy.svnkit-trilead-ssh2:0.0.7
com.jcraft:jsch.agentproxy.usocket-jna:0.0.7
com.jcraft:jsch.agentproxy.usocket-nc:0.0.7
com.jcraft:jsch:0.1.54
com.jcraft:jzlib:1.1.2
com.netflix.nebula:gradle-contacts-plugin:5.1.0-rc.1
com.netflix.nebula:gradle-info-plugin:7.1.3
com.netflix.nebula:nebula-gradle-interop:1.0.11
com.netflix.nebula:nebula-test:7.8.5
com.perforce:p4java:2015.2.1365273
com.trilead:trilead-ssh2:1.0.0-build220
commons-codec:commons-codec:1.9
commons-lang:commons-lang:2.6
commons-logging:commons-logging:1.2
de.regnis.q.sequence:sequence-library:1.0.3
javax.inject:javax.inject:1
junit:junit:4.12
net.java.dev.jna:jna-platform:4.1.0
net.java.dev.jna:jna:4.1.0
net.java.dev.jna:platform:3.4.0
org.antlr:antlr-runtime:3.4
org.apache.commons:commons-lang3:3.8.1
org.apache.httpcomponents:httpclient:4.5.2
org.apache.httpcomponents:httpcore:4.4.4
org.apache.maven:maven-artifact:3.6.3
org.apache.maven:maven-builder-support:3.6.3
org.apache.maven:maven-model-builder:3.6.3
org.apache.maven:maven-model:3.6.3
org.codehaus.gpars:gpars:1.2.1
org.codehaus.jsr166-mirror:jsr166y:1.7.0
org.codehaus.plexus:plexus-interpolation:1.25
org.codehaus.plexus:plexus-utils:3.2.1
org.codenarc:CodeNarc:0.25.2
org.eclipse.jdt:core:3.1.1
org.eclipse.jgit:org.eclipse.jgit:5.0.1.201806211838-r
org.eclipse.sisu:org.eclipse.sisu.inject:0.3.4
org.hamcrest:hamcrest-core:1.3
org.jetbrains.kotlin:kotlin-stdlib-common:1.3.70
org.jetbrains.kotlin:kotlin-stdlib-jdk7:1.3.70
org.jetbrains.kotlin:kotlin-stdlib-jdk8:1.3.70
org.jetbrains.kotlin:kotlin-stdlib:1.3.70
org.jetbrains:annotations:13.0
org.multiverse:multiverse-core:0.7.0
org.ow2.asm:asm-analysis:7.3.1
org.ow2.asm:asm-commons:7.3.1
org.ow2.asm:asm-tree:7.3.1
org.ow2.asm:asm:7.3.1
org.slf4j:slf4j-api:1.7.2
org.spockframework:spock-core:1.0-groovy-2.4
org.tmatesoft.sqljet:sqljet:1.1.10
org.tmatesoft.svnkit:svnkit:1.8.12
