# This is a Gradle generated file for dependency locking.
# Manual edits can break the build and are not advised.
# This file is expected to be part of source control.
com.googlecode.javaewah:JavaEWAH:1.1.7
com.jcraft:jsch.agentproxy.connector-factory:0.0.7
com.jcraft:jsch.agentproxy.core:0.0.7
com.jcraft:jsch.agentproxy.pageant:0.0.7
com.jcraft:jsch.agentproxy.sshagent:0.0.7
com.jcraft:jsch.agentproxy.svnkit-trilead-ssh2:0.0.7
com.jcraft:jsch.agentproxy.usocket-jna:0.0.7
com.jcraft:jsch.agentproxy.usocket-nc:0.0.7
com.jcraft:jsch:0.1.55
com.jcraft:jzlib:1.1.2
com.netflix.nebula:gradle-contacts-plugin:5.1.0
com.netflix.nebula:gradle-info-plugin:9.2.0
com.netflix.nebula:nebula-gradle-interop:1.0.11
com.perforce:p4java:2015.2.1365273
com.trilead:trilead-ssh2:1.0.0-build220
de.regnis.q.sequence:sequence-library:1.0.3
net.java.dev.jna:jna-platform:4.1.0
net.java.dev.jna:jna:4.1.0
net.java.dev.jna:platform:3.4.0
org.antlr:antlr-runtime:3.4
org.bouncycastle:bcpg-jdk15on:1.64
org.bouncycastle:bcpkix-jdk15on:1.64
org.bouncycastle:bcprov-jdk15on:1.64
org.eclipse.jgit:org.eclipse.jgit:5.7.0.202003110725-r
org.jetbrains.kotlin:kotlin-stdlib-common:1.3.50
org.jetbrains.kotlin:kotlin-stdlib-jdk7:1.3.50
org.jetbrains.kotlin:kotlin-stdlib-jdk8:1.3.50
org.jetbrains.kotlin:kotlin-stdlib:1.3.50
org.jetbrains:annotations:13.0
org.slf4j:slf4j-api:1.7.2
org.tmatesoft.sqljet:sqljet:1.1.10
org.tmatesoft.svnkit:svnkit:1.8.12
