# This is a Gradle generated file for dependency locking.
# Manual edits can break the build and are not advised.
# This file is expected to be part of source control.
com.googlecode.javaewah:JavaEWAH:1.1.6
com.jcraft:jsch.agentproxy.connector-factory:0.0.7
com.jcraft:jsch.agentproxy.core:0.0.7
com.jcraft:jsch.agentproxy.pageant:0.0.7
com.jcraft:jsch.agentproxy.sshagent:0.0.7
com.jcraft:jsch.agentproxy.svnkit-trilead-ssh2:0.0.7
com.jcraft:jsch.agentproxy.usocket-jna:0.0.7
com.jcraft:jsch.agentproxy.usocket-nc:0.0.7
com.jcraft:jsch:0.1.54
com.jcraft:jzlib:1.1.2
com.netflix.nebula:gradle-contacts-plugin:5.1.0
com.netflix.nebula:gradle-info-plugin:5.1.0
com.perforce:p4java:2015.2.1365273
com.trilead:trilead-ssh2:1.0.0-build220
commons-codec:commons-codec:1.9
commons-logging:commons-logging:1.2
de.regnis.q.sequence:sequence-library:1.0.3
net.java.dev.jna:jna-platform:4.1.0
net.java.dev.jna:jna:4.1.0
net.java.dev.jna:platform:3.4.0
org.antlr:antlr-runtime:3.4
org.apache.httpcomponents:httpclient:4.5.2
org.apache.httpcomponents:httpcore:4.4.4
org.eclipse.jgit:org.eclipse.jgit:5.0.1.201806211838-r
org.slf4j:slf4j-api:1.7.2
org.tmatesoft.sqljet:sqljet:1.1.10
org.tmatesoft.svnkit:svnkit:1.8.12
