# This is a Gradle generated file for dependency locking.
# Manual edits can break the build and are not advised.
# This file is expected to be part of source control.
com.google.guava:guava:19.0
com.netflix.nebula:nebula-gradle-interop:1.0.11
com.netflix.nebula:nebula-test:9.0.0
commons-lang:commons-lang:2.6
javax.inject:javax.inject:1
junit:junit:4.12
org.apache.commons:commons-lang3:3.8.1
org.apache.maven:maven-artifact:3.8.1
org.apache.maven:maven-builder-support:3.8.1
org.apache.maven:maven-model-builder:3.8.1
org.apache.maven:maven-model:3.8.1
org.codehaus.gpars:gpars:1.2.1
org.codehaus.jsr166-mirror:jsr166y:1.7.0
org.codehaus.plexus:plexus-interpolation:1.25
org.codehaus.plexus:plexus-utils:3.2.1
org.codenarc:CodeNarc:0.25.2
org.eclipse.jdt:core:3.1.1
org.eclipse.jgit:org.eclipse.jgit:5.0.1.201806211838-r
org.eclipse.sisu:org.eclipse.sisu.inject:0.3.4
org.hamcrest:hamcrest-core:1.3
org.jetbrains.kotlin:kotlin-stdlib-common:1.3.70
org.jetbrains.kotlin:kotlin-stdlib-jdk7:1.3.70
org.jetbrains.kotlin:kotlin-stdlib-jdk8:1.3.70
org.jetbrains.kotlin:kotlin-stdlib:1.3.70
org.jetbrains:annotations:13.0
org.multiverse:multiverse-core:0.7.0
org.ow2.asm:asm-analysis:7.3.1
org.ow2.asm:asm-commons:7.3.1
org.ow2.asm:asm-tree:7.3.1
org.ow2.asm:asm:7.3.1
org.spockframework:spock-core:1.0-groovy-2.4
